// !$*UTF8*$!
{
	archiveVersion = 1;
	classes = {
	};
	objectVersion = 56;
	objects = {

/* Begin PBXBuildFile section */
		2A385A5529B8C69600D3DC86 /* AppStartStateTests.swift in Sources */ = {isa = PBXBuildFile; fileRef = 2A385A5429B8C69600D3DC86 /* AppStartStateTests.swift */; };
		5740256E29BF5FFE0014D9A6 /* RetrierTests.swift in Sources */ = {isa = PBXBuildFile; fileRef = 5740256D29BF5FFE0014D9A6 /* RetrierTests.swift */; };
		57849F4229B72F300002CF62 /* GathererEventTests.swift in Sources */ = {isa = PBXBuildFile; fileRef = 57849F4129B72F300002CF62 /* GathererEventTests.swift */; };
		57849F4429B7337F0002CF62 /* EventInternalTests.swift in Sources */ = {isa = PBXBuildFile; fileRef = 57849F4329B7337F0002CF62 /* EventInternalTests.swift */; };
		57849F4729B734AC0002CF62 /* FakeEventClient.swift in Sources */ = {isa = PBXBuildFile; fileRef = 57849F4629B734AC0002CF62 /* FakeEventClient.swift */; };
		57849F4929B73D580002CF62 /* EventTests.swift in Sources */ = {isa = PBXBuildFile; fileRef = 57849F4829B73D580002CF62 /* EventTests.swift */; };
		57849F4B29B73F8D0002CF62 /* FakeEventApi.swift in Sources */ = {isa = PBXBuildFile; fileRef = 57849F4A29B73F8D0002CF62 /* FakeEventApi.swift */; };
		57849F4E29B7489D0002CF62 /* DefaultEventClientTests.swift in Sources */ = {isa = PBXBuildFile; fileRef = 57849F4D29B7489D0002CF62 /* DefaultEventClientTests.swift */; };
		5D38AB4429B0D1EC00C1AE4A /* HostAppApp.swift in Sources */ = {isa = PBXBuildFile; fileRef = 5D38AB4329B0D1EC00C1AE4A /* HostAppApp.swift */; };
		5D38AB4629B0D1ED00C1AE4A /* ContentView.swift in Sources */ = {isa = PBXBuildFile; fileRef = 5D38AB4529B0D1ED00C1AE4A /* ContentView.swift */; };
		5D38AB4829B0D1EE00C1AE4A /* Assets.xcassets in Resources */ = {isa = PBXBuildFile; fileRef = 5D38AB4729B0D1EE00C1AE4A /* Assets.xcassets */; };
		5D38AB4B29B0D1EE00C1AE4A /* Preview Assets.xcassets in Resources */ = {isa = PBXBuildFile; fileRef = 5D38AB4A29B0D1EE00C1AE4A /* Preview Assets.xcassets */; };
		5D38AB4D29B0D1EE00C1AE4A /* Persistence.swift in Sources */ = {isa = PBXBuildFile; fileRef = 5D38AB4C29B0D1EE00C1AE4A /* Persistence.swift */; };
		5D38AB5029B0D1EE00C1AE4A /* HostApp.xcdatamodeld in Sources */ = {isa = PBXBuildFile; fileRef = 5D38AB4E29B0D1EE00C1AE4A /* HostApp.xcdatamodeld */; };
		5D38AC0B29B0D3E700C1AE4A /* TestDependencyContainer.swift in Sources */ = {isa = PBXBuildFile; fileRef = 5D38ABC229B0D3E700C1AE4A /* TestDependencyContainer.swift */; };
		5D38AC0C29B0D3E700C1AE4A /* SdkContextTests.swift in Sources */ = {isa = PBXBuildFile; fileRef = 5D38ABC429B0D3E700C1AE4A /* SdkContextTests.swift */; };
		5D38AC0D29B0D3E700C1AE4A /* CryptoTests.swift in Sources */ = {isa = PBXBuildFile; fileRef = 5D38ABC729B0D3E700C1AE4A /* CryptoTests.swift */; };
		5D38AC0E29B0D3E700C1AE4A /* GenericNetworkClientTests.swift in Sources */ = {isa = PBXBuildFile; fileRef = 5D38ABC929B0D3E700C1AE4A /* GenericNetworkClientTests.swift */; };
		5D38AC0F29B0D3E700C1AE4A /* DennaResponse.swift in Sources */ = {isa = PBXBuildFile; fileRef = 5D38ABCA29B0D3E700C1AE4A /* DennaResponse.swift */; };
		5D38AC1029B0D3E700C1AE4A /* StateTests.swift in Sources */ = {isa = PBXBuildFile; fileRef = 5D38ABCC29B0D3E700C1AE4A /* StateTests.swift */; };
		5D38AC1129B0D3E700C1AE4A /* FakeSecureStorage.swift in Sources */ = {isa = PBXBuildFile; fileRef = 5D38ABCF29B0D3E700C1AE4A /* FakeSecureStorage.swift */; };
		5D38AC1229B0D3E700C1AE4A /* SecureStorageTests.swift in Sources */ = {isa = PBXBuildFile; fileRef = 5D38ABD029B0D3E700C1AE4A /* SecureStorageTests.swift */; };
		5D38AC1329B0D3E700C1AE4A /* DictionaryExtensionTests.swift in Sources */ = {isa = PBXBuildFile; fileRef = 5D38ABD229B0D3E700C1AE4A /* DictionaryExtensionTests.swift */; };
		5D38AC1429B0D3E700C1AE4A /* LogEntryTests.swift in Sources */ = {isa = PBXBuildFile; fileRef = 5D38ABD429B0D3E700C1AE4A /* LogEntryTests.swift */; };
		5D38AC1529B0D3E700C1AE4A /* FakeNotificationCenterWrapper.swift in Sources */ = {isa = PBXBuildFile; fileRef = 5D38ABD729B0D3E700C1AE4A /* FakeNotificationCenterWrapper.swift */; };
		5D38AC1629B0D3E700C1AE4A /* FakeDeviceInfoCollector.swift in Sources */ = {isa = PBXBuildFile; fileRef = 5D38ABD829B0D3E700C1AE4A /* FakeDeviceInfoCollector.swift */; };
		5D38AC1729B0D3E700C1AE4A /* DeviceInfoCollectorTests.swift in Sources */ = {isa = PBXBuildFile; fileRef = 5D38ABD929B0D3E700C1AE4A /* DeviceInfoCollectorTests.swift */; };
		5D38AC1829B0D3E700C1AE4A /* ApplyRemoteConfigStateTests.swift in Sources */ = {isa = PBXBuildFile; fileRef = 5D38ABDC29B0D3E700C1AE4A /* ApplyRemoteConfigStateTests.swift */; };
		5D38AC1929B0D3E700C1AE4A /* DefaultRemoteConfigHandlerTests.swift in Sources */ = {isa = PBXBuildFile; fileRef = 5D38ABDD29B0D3E700C1AE4A /* DefaultRemoteConfigHandlerTests.swift */; };
		5D38AC1A29B0D3E700C1AE4A /* LinkContactStateTests.swift in Sources */ = {isa = PBXBuildFile; fileRef = 5D38ABDF29B0D3E700C1AE4A /* LinkContactStateTests.swift */; };
		5D38AC1B29B0D3E700C1AE4A /* RegisterPushTokenStateTests.swift in Sources */ = {isa = PBXBuildFile; fileRef = 5D38ABE129B0D3E700C1AE4A /* RegisterPushTokenStateTests.swift */; };
		5D38AC1C29B0D3E700C1AE4A /* FakeRemoteConfigHandler.swift in Sources */ = {isa = PBXBuildFile; fileRef = 5D38ABE329B0D3E700C1AE4A /* FakeRemoteConfigHandler.swift */; };
		5D38AC1D29B0D3E700C1AE4A /* FakeRemoteConfigClient.swift in Sources */ = {isa = PBXBuildFile; fileRef = 5D38ABE429B0D3E700C1AE4A /* FakeRemoteConfigClient.swift */; };
		5D38AC1E29B0D3E700C1AE4A /* EmarsysSDKTests.swift in Sources */ = {isa = PBXBuildFile; fileRef = 5D38ABE529B0D3E700C1AE4A /* EmarsysSDKTests.swift */; };
		5D38AC1F29B0D3E700C1AE4A /* Inject.swift in Sources */ = {isa = PBXBuildFile; fileRef = 5D38ABE729B0D3E700C1AE4A /* Inject.swift */; };
		5D38AC2029B0D3E700C1AE4A /* ContactTests.swift in Sources */ = {isa = PBXBuildFile; fileRef = 5D38ABEA29B0D3E700C1AE4A /* ContactTests.swift */; };
		5D38AC2129B0D3E700C1AE4A /* ContactInternalTests.swift in Sources */ = {isa = PBXBuildFile; fileRef = 5D38ABEB29B0D3E700C1AE4A /* ContactInternalTests.swift */; };
		5D38AC2229B0D3E700C1AE4A /* GathererContactTests.swift in Sources */ = {isa = PBXBuildFile; fileRef = 5D38ABEC29B0D3E700C1AE4A /* GathererContactTests.swift */; };
		5D38AC2329B0D3E700C1AE4A /* FakePredictContactApi.swift in Sources */ = {isa = PBXBuildFile; fileRef = 5D38ABEE29B0D3E700C1AE4A /* FakePredictContactApi.swift */; };
		5D38AC2429B0D3E700C1AE4A /* FakeContactApi.swift in Sources */ = {isa = PBXBuildFile; fileRef = 5D38ABEF29B0D3E700C1AE4A /* FakeContactApi.swift */; };
		5D38AC2529B0D3E700C1AE4A /* FakeContactClient.swift in Sources */ = {isa = PBXBuildFile; fileRef = 5D38ABF029B0D3E700C1AE4A /* FakeContactClient.swift */; };
		5D38AC2629B0D3E700C1AE4A /* PredictContactInternalTests.swift in Sources */ = {isa = PBXBuildFile; fileRef = 5D38ABF129B0D3E700C1AE4A /* PredictContactInternalTests.swift */; };
		5D38AC2729B0D3E700C1AE4A /* FakedError.swift in Sources */ = {isa = PBXBuildFile; fileRef = 5D38ABF329B0D3E700C1AE4A /* FakedError.swift */; };
		5D38AC2829B0D3E700C1AE4A /* Faked.swift in Sources */ = {isa = PBXBuildFile; fileRef = 5D38ABF429B0D3E700C1AE4A /* Faked.swift */; };
		5D38AC2929B0D3E700C1AE4A /* FakeValueWrapper.swift in Sources */ = {isa = PBXBuildFile; fileRef = 5D38ABF529B0D3E700C1AE4A /* FakeValueWrapper.swift */; };
		5D38AC2A29B0D3E700C1AE4A /* DefaultContactClientTests.swift in Sources */ = {isa = PBXBuildFile; fileRef = 5D38ABF829B0D3E700C1AE4A /* DefaultContactClientTests.swift */; };
		5D38AC2B29B0D3E700C1AE4A /* DefaultRemoteConfigClientTests.swift in Sources */ = {isa = PBXBuildFile; fileRef = 5D38ABFA29B0D3E700C1AE4A /* DefaultRemoteConfigClientTests.swift */; };
		5D38AC2C29B0D3E700C1AE4A /* EmarsysClientTests.swift in Sources */ = {isa = PBXBuildFile; fileRef = 5D38ABFB29B0D3E700C1AE4A /* EmarsysClientTests.swift */; };
		5D38AC2D29B0D3E700C1AE4A /* DefaultPushClientTests.swift in Sources */ = {isa = PBXBuildFile; fileRef = 5D38ABFD29B0D3E700C1AE4A /* DefaultPushClientTests.swift */; };
		5D38AC2E29B0D3E700C1AE4A /* DefaultDeviceClientTests.swift in Sources */ = {isa = PBXBuildFile; fileRef = 5D38ABFF29B0D3E700C1AE4A /* DefaultDeviceClientTests.swift */; };
		5D38AC2F29B0D3E700C1AE4A /* FakeTimestampProvider.swift in Sources */ = {isa = PBXBuildFile; fileRef = 5D38AC0129B0D3E700C1AE4A /* FakeTimestampProvider.swift */; };
		5D38AC3029B0D3E700C1AE4A /* FakeCrypto.swift in Sources */ = {isa = PBXBuildFile; fileRef = 5D38AC0229B0D3E700C1AE4A /* FakeCrypto.swift */; };
		5D38AC3129B0D3E700C1AE4A /* FakeUuidProvider.swift in Sources */ = {isa = PBXBuildFile; fileRef = 5D38AC0329B0D3E700C1AE4A /* FakeUuidProvider.swift */; };
		5D38AC3229B0D3E700C1AE4A /* FakeRandomProvider.swift in Sources */ = {isa = PBXBuildFile; fileRef = 5D38AC0429B0D3E700C1AE4A /* FakeRandomProvider.swift */; };
		5D38AC3329B0D3E700C1AE4A /* FakePushClient.swift in Sources */ = {isa = PBXBuildFile; fileRef = 5D38AC0529B0D3E700C1AE4A /* FakePushClient.swift */; };
		5D38AC3429B0D3E700C1AE4A /* FakeDeviceInfoClient.swift in Sources */ = {isa = PBXBuildFile; fileRef = 5D38AC0629B0D3E700C1AE4A /* FakeDeviceInfoClient.swift */; };
		5D38AC3529B0D3E700C1AE4A /* FakeGenericNetworkClient.swift in Sources */ = {isa = PBXBuildFile; fileRef = 5D38AC0729B0D3E700C1AE4A /* FakeGenericNetworkClient.swift */; };
		5D38AC3629B0D3E700C1AE4A /* XCTestCase.swift in Sources */ = {isa = PBXBuildFile; fileRef = 5D38AC0929B0D3E700C1AE4A /* XCTestCase.swift */; };
		5D38AC3729B0D3E700C1AE4A /* Dictionary.swift in Sources */ = {isa = PBXBuildFile; fileRef = 5D38AC0A29B0D3E700C1AE4A /* Dictionary.swift */; };
		5D38AC3A29B0D44C00C1AE4A /* EmarsysSDK in Frameworks */ = {isa = PBXBuildFile; productRef = 5D38AC3929B0D44C00C1AE4A /* EmarsysSDK */; };
		5D38AC3E29B0E1B700C1AE4A /* EmarsysTestCase.swift in Sources */ = {isa = PBXBuildFile; fileRef = 5D38AC3D29B0E1B700C1AE4A /* EmarsysTestCase.swift */; };
/* End PBXBuildFile section */

/* Begin PBXContainerItemProxy section */
		5D38AB5629B0D1EE00C1AE4A /* PBXContainerItemProxy */ = {
			isa = PBXContainerItemProxy;
			containerPortal = 5D38AB3829B0D1EC00C1AE4A /* Project object */;
			proxyType = 1;
			remoteGlobalIDString = 5D38AB3F29B0D1EC00C1AE4A;
			remoteInfo = HostApp;
		};
/* End PBXContainerItemProxy section */

/* Begin PBXFileReference section */
		2A385A5429B8C69600D3DC86 /* AppStartStateTests.swift */ = {isa = PBXFileReference; lastKnownFileType = sourcecode.swift; path = AppStartStateTests.swift; sourceTree = "<group>"; };
		5740256D29BF5FFE0014D9A6 /* RetrierTests.swift */ = {isa = PBXFileReference; lastKnownFileType = sourcecode.swift; path = RetrierTests.swift; sourceTree = "<group>"; };
		57849F4129B72F300002CF62 /* GathererEventTests.swift */ = {isa = PBXFileReference; lastKnownFileType = sourcecode.swift; path = GathererEventTests.swift; sourceTree = "<group>"; };
		57849F4329B7337F0002CF62 /* EventInternalTests.swift */ = {isa = PBXFileReference; lastKnownFileType = sourcecode.swift; path = EventInternalTests.swift; sourceTree = "<group>"; };
		57849F4629B734AC0002CF62 /* FakeEventClient.swift */ = {isa = PBXFileReference; lastKnownFileType = sourcecode.swift; path = FakeEventClient.swift; sourceTree = "<group>"; };
		57849F4829B73D580002CF62 /* EventTests.swift */ = {isa = PBXFileReference; lastKnownFileType = sourcecode.swift; path = EventTests.swift; sourceTree = "<group>"; };
		57849F4A29B73F8D0002CF62 /* FakeEventApi.swift */ = {isa = PBXFileReference; lastKnownFileType = sourcecode.swift; path = FakeEventApi.swift; sourceTree = "<group>"; };
		57849F4D29B7489D0002CF62 /* DefaultEventClientTests.swift */ = {isa = PBXFileReference; lastKnownFileType = sourcecode.swift; path = DefaultEventClientTests.swift; sourceTree = "<group>"; };
		5D38AB4029B0D1EC00C1AE4A /* HostApp.app */ = {isa = PBXFileReference; explicitFileType = wrapper.application; includeInIndex = 0; path = HostApp.app; sourceTree = BUILT_PRODUCTS_DIR; };
		5D38AB4329B0D1EC00C1AE4A /* HostAppApp.swift */ = {isa = PBXFileReference; lastKnownFileType = sourcecode.swift; path = HostAppApp.swift; sourceTree = "<group>"; };
		5D38AB4529B0D1ED00C1AE4A /* ContentView.swift */ = {isa = PBXFileReference; lastKnownFileType = sourcecode.swift; path = ContentView.swift; sourceTree = "<group>"; };
		5D38AB4729B0D1EE00C1AE4A /* Assets.xcassets */ = {isa = PBXFileReference; lastKnownFileType = folder.assetcatalog; path = Assets.xcassets; sourceTree = "<group>"; };
		5D38AB4A29B0D1EE00C1AE4A /* Preview Assets.xcassets */ = {isa = PBXFileReference; lastKnownFileType = folder.assetcatalog; path = "Preview Assets.xcassets"; sourceTree = "<group>"; };
		5D38AB4C29B0D1EE00C1AE4A /* Persistence.swift */ = {isa = PBXFileReference; lastKnownFileType = sourcecode.swift; path = Persistence.swift; sourceTree = "<group>"; };
		5D38AB4F29B0D1EE00C1AE4A /* HostApp.xcdatamodel */ = {isa = PBXFileReference; lastKnownFileType = wrapper.xcdatamodel; path = HostApp.xcdatamodel; sourceTree = "<group>"; };
		5D38AB5529B0D1EE00C1AE4A /* HostAppTests.xctest */ = {isa = PBXFileReference; explicitFileType = wrapper.cfbundle; includeInIndex = 0; path = HostAppTests.xctest; sourceTree = BUILT_PRODUCTS_DIR; };
		5D38AB7329B0D1FE00C1AE4A /* ios-emarsys-sdk */ = {isa = PBXFileReference; lastKnownFileType = wrapper; name = "ios-emarsys-sdk"; path = ..; sourceTree = "<group>"; };
		5D38ABC229B0D3E700C1AE4A /* TestDependencyContainer.swift */ = {isa = PBXFileReference; fileEncoding = 4; lastKnownFileType = sourcecode.swift; path = TestDependencyContainer.swift; sourceTree = "<group>"; };
		5D38ABC429B0D3E700C1AE4A /* SdkContextTests.swift */ = {isa = PBXFileReference; fileEncoding = 4; lastKnownFileType = sourcecode.swift; path = SdkContextTests.swift; sourceTree = "<group>"; };
		5D38ABC729B0D3E700C1AE4A /* CryptoTests.swift */ = {isa = PBXFileReference; fileEncoding = 4; lastKnownFileType = sourcecode.swift; path = CryptoTests.swift; sourceTree = "<group>"; };
		5D38ABC929B0D3E700C1AE4A /* GenericNetworkClientTests.swift */ = {isa = PBXFileReference; fileEncoding = 4; lastKnownFileType = sourcecode.swift; path = GenericNetworkClientTests.swift; sourceTree = "<group>"; };
		5D38ABCA29B0D3E700C1AE4A /* DennaResponse.swift */ = {isa = PBXFileReference; fileEncoding = 4; lastKnownFileType = sourcecode.swift; path = DennaResponse.swift; sourceTree = "<group>"; };
		5D38ABCC29B0D3E700C1AE4A /* StateTests.swift */ = {isa = PBXFileReference; fileEncoding = 4; lastKnownFileType = sourcecode.swift; path = StateTests.swift; sourceTree = "<group>"; };
		5D38ABCF29B0D3E700C1AE4A /* FakeSecureStorage.swift */ = {isa = PBXFileReference; fileEncoding = 4; lastKnownFileType = sourcecode.swift; path = FakeSecureStorage.swift; sourceTree = "<group>"; };
		5D38ABD029B0D3E700C1AE4A /* SecureStorageTests.swift */ = {isa = PBXFileReference; fileEncoding = 4; lastKnownFileType = sourcecode.swift; path = SecureStorageTests.swift; sourceTree = "<group>"; };
		5D38ABD229B0D3E700C1AE4A /* DictionaryExtensionTests.swift */ = {isa = PBXFileReference; fileEncoding = 4; lastKnownFileType = sourcecode.swift; path = DictionaryExtensionTests.swift; sourceTree = "<group>"; };
		5D38ABD429B0D3E700C1AE4A /* LogEntryTests.swift */ = {isa = PBXFileReference; fileEncoding = 4; lastKnownFileType = sourcecode.swift; path = LogEntryTests.swift; sourceTree = "<group>"; };
		5D38ABD729B0D3E700C1AE4A /* FakeNotificationCenterWrapper.swift */ = {isa = PBXFileReference; fileEncoding = 4; lastKnownFileType = sourcecode.swift; path = FakeNotificationCenterWrapper.swift; sourceTree = "<group>"; };
		5D38ABD829B0D3E700C1AE4A /* FakeDeviceInfoCollector.swift */ = {isa = PBXFileReference; fileEncoding = 4; lastKnownFileType = sourcecode.swift; path = FakeDeviceInfoCollector.swift; sourceTree = "<group>"; };
		5D38ABD929B0D3E700C1AE4A /* DeviceInfoCollectorTests.swift */ = {isa = PBXFileReference; fileEncoding = 4; lastKnownFileType = sourcecode.swift; path = DeviceInfoCollectorTests.swift; sourceTree = "<group>"; };
		5D38ABDC29B0D3E700C1AE4A /* ApplyRemoteConfigStateTests.swift */ = {isa = PBXFileReference; fileEncoding = 4; lastKnownFileType = sourcecode.swift; path = ApplyRemoteConfigStateTests.swift; sourceTree = "<group>"; };
		5D38ABDD29B0D3E700C1AE4A /* DefaultRemoteConfigHandlerTests.swift */ = {isa = PBXFileReference; fileEncoding = 4; lastKnownFileType = sourcecode.swift; path = DefaultRemoteConfigHandlerTests.swift; sourceTree = "<group>"; };
		5D38ABDF29B0D3E700C1AE4A /* LinkContactStateTests.swift */ = {isa = PBXFileReference; fileEncoding = 4; lastKnownFileType = sourcecode.swift; path = LinkContactStateTests.swift; sourceTree = "<group>"; };
		5D38ABE129B0D3E700C1AE4A /* RegisterPushTokenStateTests.swift */ = {isa = PBXFileReference; fileEncoding = 4; lastKnownFileType = sourcecode.swift; path = RegisterPushTokenStateTests.swift; sourceTree = "<group>"; };
		5D38ABE329B0D3E700C1AE4A /* FakeRemoteConfigHandler.swift */ = {isa = PBXFileReference; fileEncoding = 4; lastKnownFileType = sourcecode.swift; path = FakeRemoteConfigHandler.swift; sourceTree = "<group>"; };
		5D38ABE429B0D3E700C1AE4A /* FakeRemoteConfigClient.swift */ = {isa = PBXFileReference; fileEncoding = 4; lastKnownFileType = sourcecode.swift; path = FakeRemoteConfigClient.swift; sourceTree = "<group>"; };
		5D38ABE529B0D3E700C1AE4A /* EmarsysSDKTests.swift */ = {isa = PBXFileReference; fileEncoding = 4; lastKnownFileType = sourcecode.swift; path = EmarsysSDKTests.swift; sourceTree = "<group>"; };
		5D38ABE729B0D3E700C1AE4A /* Inject.swift */ = {isa = PBXFileReference; fileEncoding = 4; lastKnownFileType = sourcecode.swift; path = Inject.swift; sourceTree = "<group>"; };
		5D38ABEA29B0D3E700C1AE4A /* ContactTests.swift */ = {isa = PBXFileReference; fileEncoding = 4; lastKnownFileType = sourcecode.swift; path = ContactTests.swift; sourceTree = "<group>"; };
		5D38ABEB29B0D3E700C1AE4A /* ContactInternalTests.swift */ = {isa = PBXFileReference; fileEncoding = 4; lastKnownFileType = sourcecode.swift; path = ContactInternalTests.swift; sourceTree = "<group>"; };
		5D38ABEC29B0D3E700C1AE4A /* GathererContactTests.swift */ = {isa = PBXFileReference; fileEncoding = 4; lastKnownFileType = sourcecode.swift; path = GathererContactTests.swift; sourceTree = "<group>"; };
		5D38ABEE29B0D3E700C1AE4A /* FakePredictContactApi.swift */ = {isa = PBXFileReference; fileEncoding = 4; lastKnownFileType = sourcecode.swift; path = FakePredictContactApi.swift; sourceTree = "<group>"; };
		5D38ABEF29B0D3E700C1AE4A /* FakeContactApi.swift */ = {isa = PBXFileReference; fileEncoding = 4; lastKnownFileType = sourcecode.swift; path = FakeContactApi.swift; sourceTree = "<group>"; };
		5D38ABF029B0D3E700C1AE4A /* FakeContactClient.swift */ = {isa = PBXFileReference; fileEncoding = 4; lastKnownFileType = sourcecode.swift; path = FakeContactClient.swift; sourceTree = "<group>"; };
		5D38ABF129B0D3E700C1AE4A /* PredictContactInternalTests.swift */ = {isa = PBXFileReference; fileEncoding = 4; lastKnownFileType = sourcecode.swift; path = PredictContactInternalTests.swift; sourceTree = "<group>"; };
		5D38ABF329B0D3E700C1AE4A /* FakedError.swift */ = {isa = PBXFileReference; fileEncoding = 4; lastKnownFileType = sourcecode.swift; path = FakedError.swift; sourceTree = "<group>"; };
		5D38ABF429B0D3E700C1AE4A /* Faked.swift */ = {isa = PBXFileReference; fileEncoding = 4; lastKnownFileType = sourcecode.swift; path = Faked.swift; sourceTree = "<group>"; };
		5D38ABF529B0D3E700C1AE4A /* FakeValueWrapper.swift */ = {isa = PBXFileReference; fileEncoding = 4; lastKnownFileType = sourcecode.swift; path = FakeValueWrapper.swift; sourceTree = "<group>"; };
		5D38ABF829B0D3E700C1AE4A /* DefaultContactClientTests.swift */ = {isa = PBXFileReference; fileEncoding = 4; lastKnownFileType = sourcecode.swift; path = DefaultContactClientTests.swift; sourceTree = "<group>"; };
		5D38ABFA29B0D3E700C1AE4A /* DefaultRemoteConfigClientTests.swift */ = {isa = PBXFileReference; fileEncoding = 4; lastKnownFileType = sourcecode.swift; path = DefaultRemoteConfigClientTests.swift; sourceTree = "<group>"; };
		5D38ABFB29B0D3E700C1AE4A /* EmarsysClientTests.swift */ = {isa = PBXFileReference; fileEncoding = 4; lastKnownFileType = sourcecode.swift; path = EmarsysClientTests.swift; sourceTree = "<group>"; };
		5D38ABFD29B0D3E700C1AE4A /* DefaultPushClientTests.swift */ = {isa = PBXFileReference; fileEncoding = 4; lastKnownFileType = sourcecode.swift; path = DefaultPushClientTests.swift; sourceTree = "<group>"; };
		5D38ABFF29B0D3E700C1AE4A /* DefaultDeviceClientTests.swift */ = {isa = PBXFileReference; fileEncoding = 4; lastKnownFileType = sourcecode.swift; path = DefaultDeviceClientTests.swift; sourceTree = "<group>"; };
		5D38AC0129B0D3E700C1AE4A /* FakeTimestampProvider.swift */ = {isa = PBXFileReference; fileEncoding = 4; lastKnownFileType = sourcecode.swift; path = FakeTimestampProvider.swift; sourceTree = "<group>"; };
		5D38AC0229B0D3E700C1AE4A /* FakeCrypto.swift */ = {isa = PBXFileReference; fileEncoding = 4; lastKnownFileType = sourcecode.swift; path = FakeCrypto.swift; sourceTree = "<group>"; };
		5D38AC0329B0D3E700C1AE4A /* FakeUuidProvider.swift */ = {isa = PBXFileReference; fileEncoding = 4; lastKnownFileType = sourcecode.swift; path = FakeUuidProvider.swift; sourceTree = "<group>"; };
		5D38AC0429B0D3E700C1AE4A /* FakeRandomProvider.swift */ = {isa = PBXFileReference; fileEncoding = 4; lastKnownFileType = sourcecode.swift; path = FakeRandomProvider.swift; sourceTree = "<group>"; };
		5D38AC0529B0D3E700C1AE4A /* FakePushClient.swift */ = {isa = PBXFileReference; fileEncoding = 4; lastKnownFileType = sourcecode.swift; path = FakePushClient.swift; sourceTree = "<group>"; };
		5D38AC0629B0D3E700C1AE4A /* FakeDeviceInfoClient.swift */ = {isa = PBXFileReference; fileEncoding = 4; lastKnownFileType = sourcecode.swift; path = FakeDeviceInfoClient.swift; sourceTree = "<group>"; };
		5D38AC0729B0D3E700C1AE4A /* FakeGenericNetworkClient.swift */ = {isa = PBXFileReference; fileEncoding = 4; lastKnownFileType = sourcecode.swift; path = FakeGenericNetworkClient.swift; sourceTree = "<group>"; };
		5D38AC0929B0D3E700C1AE4A /* XCTestCase.swift */ = {isa = PBXFileReference; fileEncoding = 4; lastKnownFileType = sourcecode.swift; path = XCTestCase.swift; sourceTree = "<group>"; };
		5D38AC0A29B0D3E700C1AE4A /* Dictionary.swift */ = {isa = PBXFileReference; fileEncoding = 4; lastKnownFileType = sourcecode.swift; path = Dictionary.swift; sourceTree = "<group>"; };
		5D38AC3D29B0E1B700C1AE4A /* EmarsysTestCase.swift */ = {isa = PBXFileReference; lastKnownFileType = sourcecode.swift; path = EmarsysTestCase.swift; sourceTree = "<group>"; };
		5D38AC3F29B0E63C00C1AE4A /* HostApp.entitlements */ = {isa = PBXFileReference; lastKnownFileType = text.plist.entitlements; path = HostApp.entitlements; sourceTree = "<group>"; };
/* End PBXFileReference section */

/* Begin PBXFrameworksBuildPhase section */
		5D38AB3D29B0D1EC00C1AE4A /* Frameworks */ = {
			isa = PBXFrameworksBuildPhase;
			buildActionMask = 2147483647;
			files = (
			);
			runOnlyForDeploymentPostprocessing = 0;
		};
		5D38AB5229B0D1EE00C1AE4A /* Frameworks */ = {
			isa = PBXFrameworksBuildPhase;
			buildActionMask = 2147483647;
			files = (
				5D38AC3A29B0D44C00C1AE4A /* EmarsysSDK in Frameworks */,
			);
			runOnlyForDeploymentPostprocessing = 0;
		};
/* End PBXFrameworksBuildPhase section */

/* Begin PBXGroup section */
		2A385A5329B8C67600D3DC86 /* AppStart */ = {
			isa = PBXGroup;
			children = (
				2A385A5429B8C69600D3DC86 /* AppStartStateTests.swift */,
			);
			path = AppStart;
			sourceTree = "<group>";
		};
		5740256C29BF5FE20014D9A6 /* Retryable */ = {
			isa = PBXGroup;
			children = (
				5740256D29BF5FFE0014D9A6 /* RetrierTests.swift */,
			);
			path = Retryable;
			sourceTree = "<group>";
		};
		57849F4029B72EAA0002CF62 /* Event */ = {
			isa = PBXGroup;
			children = (
				57849F4529B7349E0002CF62 /* Fakes */,
				57849F4129B72F300002CF62 /* GathererEventTests.swift */,
				57849F4329B7337F0002CF62 /* EventInternalTests.swift */,
				57849F4829B73D580002CF62 /* EventTests.swift */,
			);
			path = Event;
			sourceTree = "<group>";
		};
		57849F4529B7349E0002CF62 /* Fakes */ = {
			isa = PBXGroup;
			children = (
				57849F4629B734AC0002CF62 /* FakeEventClient.swift */,
				57849F4A29B73F8D0002CF62 /* FakeEventApi.swift */,
			);
			path = Fakes;
			sourceTree = "<group>";
		};
		57849F4C29B748760002CF62 /* Event */ = {
			isa = PBXGroup;
			children = (
				57849F4D29B7489D0002CF62 /* DefaultEventClientTests.swift */,
			);
			path = Event;
			sourceTree = "<group>";
		};
		5D38AB3729B0D1EC00C1AE4A = {
			isa = PBXGroup;
			children = (
				5D38AB7229B0D1FE00C1AE4A /* Packages */,
				5D38AB4229B0D1EC00C1AE4A /* HostApp */,
				5D38AB5829B0D1EE00C1AE4A /* HostAppTests */,
				5D38AB4129B0D1EC00C1AE4A /* Products */,
				5D38AC3829B0D44C00C1AE4A /* Frameworks */,
			);
			sourceTree = "<group>";
		};
		5D38AB4129B0D1EC00C1AE4A /* Products */ = {
			isa = PBXGroup;
			children = (
				5D38AB4029B0D1EC00C1AE4A /* HostApp.app */,
				5D38AB5529B0D1EE00C1AE4A /* HostAppTests.xctest */,
			);
			name = Products;
			sourceTree = "<group>";
		};
		5D38AB4229B0D1EC00C1AE4A /* HostApp */ = {
			isa = PBXGroup;
			children = (
				5D38AC3F29B0E63C00C1AE4A /* HostApp.entitlements */,
				5D38AB4329B0D1EC00C1AE4A /* HostAppApp.swift */,
				5D38AB4529B0D1ED00C1AE4A /* ContentView.swift */,
				5D38AB4729B0D1EE00C1AE4A /* Assets.xcassets */,
				5D38AB4C29B0D1EE00C1AE4A /* Persistence.swift */,
				5D38AB4E29B0D1EE00C1AE4A /* HostApp.xcdatamodeld */,
				5D38AB4929B0D1EE00C1AE4A /* Preview Content */,
			);
			path = HostApp;
			sourceTree = "<group>";
		};
		5D38AB4929B0D1EE00C1AE4A /* Preview Content */ = {
			isa = PBXGroup;
			children = (
				5D38AB4A29B0D1EE00C1AE4A /* Preview Assets.xcassets */,
			);
			path = "Preview Content";
			sourceTree = "<group>";
		};
		5D38AB5829B0D1EE00C1AE4A /* HostAppTests */ = {
			isa = PBXGroup;
			children = (
				5D38ABC029B0D3E700C1AE4A /* EmarsysSDKTests */,
			);
			path = HostAppTests;
			sourceTree = "<group>";
		};
		5D38AB7229B0D1FE00C1AE4A /* Packages */ = {
			isa = PBXGroup;
			children = (
				5D38AB7329B0D1FE00C1AE4A /* ios-emarsys-sdk */,
			);
			name = Packages;
			sourceTree = "<group>";
		};
		5D38ABC029B0D3E700C1AE4A /* EmarsysSDKTests */ = {
			isa = PBXGroup;
			children = (
				5740256C29BF5FE20014D9A6 /* Retryable */,
				5D38ABC129B0D3E700C1AE4A /* DI */,
				5D38ABC329B0D3E700C1AE4A /* Context */,
				5D38ABC529B0D3E700C1AE4A /* Core */,
				5D38ABDA29B0D3E700C1AE4A /* Setup */,
				5D38ABE529B0D3E700C1AE4A /* EmarsysSDKTests.swift */,
				5D38ABE629B0D3E700C1AE4A /* TestTools */,
				5D38ABE829B0D3E700C1AE4A /* API */,
				5D38ABF229B0D3E700C1AE4A /* Faked */,
				5D38ABF629B0D3E700C1AE4A /* Client */,
				5D38AC0829B0D3E700C1AE4A /* TestExtensions */,
			);
			path = EmarsysSDKTests;
			sourceTree = "<group>";
		};
		5D38ABC129B0D3E700C1AE4A /* DI */ = {
			isa = PBXGroup;
			children = (
				5D38ABC229B0D3E700C1AE4A /* TestDependencyContainer.swift */,
			);
			path = DI;
			sourceTree = "<group>";
		};
		5D38ABC329B0D3E700C1AE4A /* Context */ = {
			isa = PBXGroup;
			children = (
				5D38ABC429B0D3E700C1AE4A /* SdkContextTests.swift */,
			);
			path = Context;
			sourceTree = "<group>";
		};
		5D38ABC529B0D3E700C1AE4A /* Core */ = {
			isa = PBXGroup;
			children = (
				5D38ABC629B0D3E700C1AE4A /* Crypto */,
				5D38ABC829B0D3E700C1AE4A /* Networking */,
				5D38ABCB29B0D3E700C1AE4A /* State */,
				5D38ABCD29B0D3E700C1AE4A /* Storage */,
				5D38ABD129B0D3E700C1AE4A /* Extensions */,
				5D38ABD329B0D3E700C1AE4A /* Log */,
				5D38ABD529B0D3E700C1AE4A /* Device */,
			);
			path = Core;
			sourceTree = "<group>";
		};
		5D38ABC629B0D3E700C1AE4A /* Crypto */ = {
			isa = PBXGroup;
			children = (
				5D38ABC729B0D3E700C1AE4A /* CryptoTests.swift */,
			);
			path = Crypto;
			sourceTree = "<group>";
		};
		5D38ABC829B0D3E700C1AE4A /* Networking */ = {
			isa = PBXGroup;
			children = (
				5D38ABC929B0D3E700C1AE4A /* GenericNetworkClientTests.swift */,
				5D38ABCA29B0D3E700C1AE4A /* DennaResponse.swift */,
			);
			path = Networking;
			sourceTree = "<group>";
		};
		5D38ABCB29B0D3E700C1AE4A /* State */ = {
			isa = PBXGroup;
			children = (
				5D38ABCC29B0D3E700C1AE4A /* StateTests.swift */,
			);
			path = State;
			sourceTree = "<group>";
		};
		5D38ABCD29B0D3E700C1AE4A /* Storage */ = {
			isa = PBXGroup;
			children = (
				5D38ABCE29B0D3E700C1AE4A /* Fake */,
				5D38ABD029B0D3E700C1AE4A /* SecureStorageTests.swift */,
			);
			path = Storage;
			sourceTree = "<group>";
		};
		5D38ABCE29B0D3E700C1AE4A /* Fake */ = {
			isa = PBXGroup;
			children = (
				5D38ABCF29B0D3E700C1AE4A /* FakeSecureStorage.swift */,
			);
			path = Fake;
			sourceTree = "<group>";
		};
		5D38ABD129B0D3E700C1AE4A /* Extensions */ = {
			isa = PBXGroup;
			children = (
				5D38ABD229B0D3E700C1AE4A /* DictionaryExtensionTests.swift */,
			);
			path = Extensions;
			sourceTree = "<group>";
		};
		5D38ABD329B0D3E700C1AE4A /* Log */ = {
			isa = PBXGroup;
			children = (
				5D38ABD429B0D3E700C1AE4A /* LogEntryTests.swift */,
			);
			path = Log;
			sourceTree = "<group>";
		};
		5D38ABD529B0D3E700C1AE4A /* Device */ = {
			isa = PBXGroup;
			children = (
				5D38ABD629B0D3E700C1AE4A /* Fake */,
				5D38ABD929B0D3E700C1AE4A /* DeviceInfoCollectorTests.swift */,
			);
			path = Device;
			sourceTree = "<group>";
		};
		5D38ABD629B0D3E700C1AE4A /* Fake */ = {
			isa = PBXGroup;
			children = (
				5D38ABD729B0D3E700C1AE4A /* FakeNotificationCenterWrapper.swift */,
				5D38ABD829B0D3E700C1AE4A /* FakeDeviceInfoCollector.swift */,
			);
			path = Fake;
			sourceTree = "<group>";
		};
		5D38ABDA29B0D3E700C1AE4A /* Setup */ = {
			isa = PBXGroup;
			children = (
				2A385A5329B8C67600D3DC86 /* AppStart */,
				5D38ABDB29B0D3E700C1AE4A /* RemoteConfig */,
				5D38ABDE29B0D3E700C1AE4A /* LinkContactState */,
				5D38ABE029B0D3E700C1AE4A /* RegisterPushToken */,
				5D38ABE229B0D3E700C1AE4A /* Fake */,
			);
			path = Setup;
			sourceTree = "<group>";
		};
		5D38ABDB29B0D3E700C1AE4A /* RemoteConfig */ = {
			isa = PBXGroup;
			children = (
				5D38ABDC29B0D3E700C1AE4A /* ApplyRemoteConfigStateTests.swift */,
				5D38ABDD29B0D3E700C1AE4A /* DefaultRemoteConfigHandlerTests.swift */,
			);
			path = RemoteConfig;
			sourceTree = "<group>";
		};
		5D38ABDE29B0D3E700C1AE4A /* LinkContactState */ = {
			isa = PBXGroup;
			children = (
				5D38ABDF29B0D3E700C1AE4A /* LinkContactStateTests.swift */,
			);
			path = LinkContactState;
			sourceTree = "<group>";
		};
		5D38ABE029B0D3E700C1AE4A /* RegisterPushToken */ = {
			isa = PBXGroup;
			children = (
				5D38ABE129B0D3E700C1AE4A /* RegisterPushTokenStateTests.swift */,
			);
			path = RegisterPushToken;
			sourceTree = "<group>";
		};
		5D38ABE229B0D3E700C1AE4A /* Fake */ = {
			isa = PBXGroup;
			children = (
				5D38ABE329B0D3E700C1AE4A /* FakeRemoteConfigHandler.swift */,
				5D38ABE429B0D3E700C1AE4A /* FakeRemoteConfigClient.swift */,
			);
			path = Fake;
			sourceTree = "<group>";
		};
		5D38ABE629B0D3E700C1AE4A /* TestTools */ = {
			isa = PBXGroup;
			children = (
				5D38ABE729B0D3E700C1AE4A /* Inject.swift */,
				5D38AC3D29B0E1B700C1AE4A /* EmarsysTestCase.swift */,
			);
			path = TestTools;
			sourceTree = "<group>";
		};
		5D38ABE829B0D3E700C1AE4A /* API */ = {
			isa = PBXGroup;
			children = (
				57849F4029B72EAA0002CF62 /* Event */,
				5D38ABE929B0D3E700C1AE4A /* Contact */,
			);
			path = API;
			sourceTree = "<group>";
		};
		5D38ABE929B0D3E700C1AE4A /* Contact */ = {
			isa = PBXGroup;
			children = (
				5D38ABEA29B0D3E700C1AE4A /* ContactTests.swift */,
				5D38ABEB29B0D3E700C1AE4A /* ContactInternalTests.swift */,
				5D38ABEC29B0D3E700C1AE4A /* GathererContactTests.swift */,
				5D38ABED29B0D3E700C1AE4A /* Fakes */,
				5D38ABF129B0D3E700C1AE4A /* PredictContactInternalTests.swift */,
			);
			path = Contact;
			sourceTree = "<group>";
		};
		5D38ABED29B0D3E700C1AE4A /* Fakes */ = {
			isa = PBXGroup;
			children = (
				5D38ABEE29B0D3E700C1AE4A /* FakePredictContactApi.swift */,
				5D38ABEF29B0D3E700C1AE4A /* FakeContactApi.swift */,
				5D38ABF029B0D3E700C1AE4A /* FakeContactClient.swift */,
			);
			path = Fakes;
			sourceTree = "<group>";
		};
		5D38ABF229B0D3E700C1AE4A /* Faked */ = {
			isa = PBXGroup;
			children = (
				5D38ABF329B0D3E700C1AE4A /* FakedError.swift */,
				5D38ABF429B0D3E700C1AE4A /* Faked.swift */,
				5D38ABF529B0D3E700C1AE4A /* FakeValueWrapper.swift */,
			);
			path = Faked;
			sourceTree = "<group>";
		};
		5D38ABF629B0D3E700C1AE4A /* Client */ = {
			isa = PBXGroup;
			children = (
				57849F4C29B748760002CF62 /* Event */,
				5D38ABF729B0D3E700C1AE4A /* Contact */,
				5D38ABF929B0D3E700C1AE4A /* RemoteConfig */,
				5D38ABFB29B0D3E700C1AE4A /* EmarsysClientTests.swift */,
				5D38ABFC29B0D3E700C1AE4A /* Push */,
				5D38ABFE29B0D3E700C1AE4A /* Device */,
				5D38AC0029B0D3E700C1AE4A /* Fake */,
			);
			path = Client;
			sourceTree = "<group>";
		};
		5D38ABF729B0D3E700C1AE4A /* Contact */ = {
			isa = PBXGroup;
			children = (
				5D38ABF829B0D3E700C1AE4A /* DefaultContactClientTests.swift */,
			);
			path = Contact;
			sourceTree = "<group>";
		};
		5D38ABF929B0D3E700C1AE4A /* RemoteConfig */ = {
			isa = PBXGroup;
			children = (
				5D38ABFA29B0D3E700C1AE4A /* DefaultRemoteConfigClientTests.swift */,
			);
			path = RemoteConfig;
			sourceTree = "<group>";
		};
		5D38ABFC29B0D3E700C1AE4A /* Push */ = {
			isa = PBXGroup;
			children = (
				5D38ABFD29B0D3E700C1AE4A /* DefaultPushClientTests.swift */,
			);
			path = Push;
			sourceTree = "<group>";
		};
		5D38ABFE29B0D3E700C1AE4A /* Device */ = {
			isa = PBXGroup;
			children = (
				5D38ABFF29B0D3E700C1AE4A /* DefaultDeviceClientTests.swift */,
			);
			path = Device;
			sourceTree = "<group>";
		};
		5D38AC0029B0D3E700C1AE4A /* Fake */ = {
			isa = PBXGroup;
			children = (
				5D38AC0129B0D3E700C1AE4A /* FakeTimestampProvider.swift */,
				5D38AC0229B0D3E700C1AE4A /* FakeCrypto.swift */,
				5D38AC0329B0D3E700C1AE4A /* FakeUuidProvider.swift */,
				5D38AC0429B0D3E700C1AE4A /* FakeRandomProvider.swift */,
				5D38AC0529B0D3E700C1AE4A /* FakePushClient.swift */,
				5D38AC0629B0D3E700C1AE4A /* FakeDeviceInfoClient.swift */,
				5D38AC0729B0D3E700C1AE4A /* FakeGenericNetworkClient.swift */,
			);
			path = Fake;
			sourceTree = "<group>";
		};
		5D38AC0829B0D3E700C1AE4A /* TestExtensions */ = {
			isa = PBXGroup;
			children = (
				5D38AC0929B0D3E700C1AE4A /* XCTestCase.swift */,
				5D38AC0A29B0D3E700C1AE4A /* Dictionary.swift */,
			);
			path = TestExtensions;
			sourceTree = "<group>";
		};
		5D38AC3829B0D44C00C1AE4A /* Frameworks */ = {
			isa = PBXGroup;
			children = (
			);
			name = Frameworks;
			sourceTree = "<group>";
		};
/* End PBXGroup section */

/* Begin PBXNativeTarget section */
		5D38AB3F29B0D1EC00C1AE4A /* HostApp */ = {
			isa = PBXNativeTarget;
			buildConfigurationList = 5D38AB6929B0D1EE00C1AE4A /* Build configuration list for PBXNativeTarget "HostApp" */;
			buildPhases = (
				5D38AB3C29B0D1EC00C1AE4A /* Sources */,
				5D38AB3D29B0D1EC00C1AE4A /* Frameworks */,
				5D38AB3E29B0D1EC00C1AE4A /* Resources */,
			);
			buildRules = (
			);
			dependencies = (
			);
			name = HostApp;
			productName = HostApp;
			productReference = 5D38AB4029B0D1EC00C1AE4A /* HostApp.app */;
			productType = "com.apple.product-type.application";
		};
		5D38AB5429B0D1EE00C1AE4A /* HostAppTests */ = {
			isa = PBXNativeTarget;
			buildConfigurationList = 5D38AB6C29B0D1EE00C1AE4A /* Build configuration list for PBXNativeTarget "HostAppTests" */;
			buildPhases = (
				5D38AB5129B0D1EE00C1AE4A /* Sources */,
				5D38AB5229B0D1EE00C1AE4A /* Frameworks */,
				5D38AB5329B0D1EE00C1AE4A /* Resources */,
			);
			buildRules = (
			);
			dependencies = (
				5D38AC3C29B0D4D600C1AE4A /* PBXTargetDependency */,
				5D38AB5729B0D1EE00C1AE4A /* PBXTargetDependency */,
			);
			name = HostAppTests;
			packageProductDependencies = (
				5D38AC3929B0D44C00C1AE4A /* EmarsysSDK */,
			);
			productName = HostAppTests;
			productReference = 5D38AB5529B0D1EE00C1AE4A /* HostAppTests.xctest */;
			productType = "com.apple.product-type.bundle.unit-test";
		};
/* End PBXNativeTarget section */

/* Begin PBXProject section */
		5D38AB3829B0D1EC00C1AE4A /* Project object */ = {
			isa = PBXProject;
			attributes = {
				BuildIndependentTargetsInParallel = 1;
				LastSwiftUpdateCheck = 1420;
				LastUpgradeCheck = 1420;
				TargetAttributes = {
					5D38AB3F29B0D1EC00C1AE4A = {
						CreatedOnToolsVersion = 14.2;
					};
					5D38AB5429B0D1EE00C1AE4A = {
						CreatedOnToolsVersion = 14.2;
						TestTargetID = 5D38AB3F29B0D1EC00C1AE4A;
					};
				};
			};
			buildConfigurationList = 5D38AB3B29B0D1EC00C1AE4A /* Build configuration list for PBXProject "HostApp" */;
			compatibilityVersion = "Xcode 14.0";
			developmentRegion = en;
			hasScannedForEncodings = 0;
			knownRegions = (
				en,
				Base,
			);
			mainGroup = 5D38AB3729B0D1EC00C1AE4A;
			productRefGroup = 5D38AB4129B0D1EC00C1AE4A /* Products */;
			projectDirPath = "";
			projectRoot = "";
			targets = (
				5D38AB3F29B0D1EC00C1AE4A /* HostApp */,
				5D38AB5429B0D1EE00C1AE4A /* HostAppTests */,
			);
		};
/* End PBXProject section */

/* Begin PBXResourcesBuildPhase section */
		5D38AB3E29B0D1EC00C1AE4A /* Resources */ = {
			isa = PBXResourcesBuildPhase;
			buildActionMask = 2147483647;
			files = (
				5D38AB4B29B0D1EE00C1AE4A /* Preview Assets.xcassets in Resources */,
				5D38AB4829B0D1EE00C1AE4A /* Assets.xcassets in Resources */,
			);
			runOnlyForDeploymentPostprocessing = 0;
		};
		5D38AB5329B0D1EE00C1AE4A /* Resources */ = {
			isa = PBXResourcesBuildPhase;
			buildActionMask = 2147483647;
			files = (
			);
			runOnlyForDeploymentPostprocessing = 0;
		};
/* End PBXResourcesBuildPhase section */

/* Begin PBXSourcesBuildPhase section */
		5D38AB3C29B0D1EC00C1AE4A /* Sources */ = {
			isa = PBXSourcesBuildPhase;
			buildActionMask = 2147483647;
			files = (
				5D38AB4D29B0D1EE00C1AE4A /* Persistence.swift in Sources */,
				5D38AB4629B0D1ED00C1AE4A /* ContentView.swift in Sources */,
				5D38AB4429B0D1EC00C1AE4A /* HostAppApp.swift in Sources */,
				5D38AB5029B0D1EE00C1AE4A /* HostApp.xcdatamodeld in Sources */,
			);
			runOnlyForDeploymentPostprocessing = 0;
		};
		5D38AB5129B0D1EE00C1AE4A /* Sources */ = {
			isa = PBXSourcesBuildPhase;
			buildActionMask = 2147483647;
			files = (
				5D38AC1129B0D3E700C1AE4A /* FakeSecureStorage.swift in Sources */,
				57849F4729B734AC0002CF62 /* FakeEventClient.swift in Sources */,
				5D38AC2D29B0D3E700C1AE4A /* DefaultPushClientTests.swift in Sources */,
				5D38AC3629B0D3E700C1AE4A /* XCTestCase.swift in Sources */,
				5D38AC2529B0D3E700C1AE4A /* FakeContactClient.swift in Sources */,
				5D38AC1E29B0D3E700C1AE4A /* EmarsysSDKTests.swift in Sources */,
				57849F4429B7337F0002CF62 /* EventInternalTests.swift in Sources */,
				57849F4229B72F300002CF62 /* GathererEventTests.swift in Sources */,
				5D38AC2E29B0D3E700C1AE4A /* DefaultDeviceClientTests.swift in Sources */,
				5D38AC3E29B0E1B700C1AE4A /* EmarsysTestCase.swift in Sources */,
				5D38AC2029B0D3E700C1AE4A /* ContactTests.swift in Sources */,
				5D38AC0C29B0D3E700C1AE4A /* SdkContextTests.swift in Sources */,
				5D38AC2629B0D3E700C1AE4A /* PredictContactInternalTests.swift in Sources */,
				5D38AC2729B0D3E700C1AE4A /* FakedError.swift in Sources */,
				5D38AC1729B0D3E700C1AE4A /* DeviceInfoCollectorTests.swift in Sources */,
				5D38AC1229B0D3E700C1AE4A /* SecureStorageTests.swift in Sources */,
				5D38AC2229B0D3E700C1AE4A /* GathererContactTests.swift in Sources */,
				5D38AC1A29B0D3E700C1AE4A /* LinkContactStateTests.swift in Sources */,
				5D38AC2829B0D3E700C1AE4A /* Faked.swift in Sources */,
				5D38AC1829B0D3E700C1AE4A /* ApplyRemoteConfigStateTests.swift in Sources */,
				5D38AC1B29B0D3E700C1AE4A /* RegisterPushTokenStateTests.swift in Sources */,
				57849F4E29B7489D0002CF62 /* DefaultEventClientTests.swift in Sources */,
				5D38AC2429B0D3E700C1AE4A /* FakeContactApi.swift in Sources */,
				5D38AC1D29B0D3E700C1AE4A /* FakeRemoteConfigClient.swift in Sources */,
				5D38AC2129B0D3E700C1AE4A /* ContactInternalTests.swift in Sources */,
				5D38AC1329B0D3E700C1AE4A /* DictionaryExtensionTests.swift in Sources */,
				5D38AC3329B0D3E700C1AE4A /* FakePushClient.swift in Sources */,
				2A385A5529B8C69600D3DC86 /* AppStartStateTests.swift in Sources */,
				5D38AC2929B0D3E700C1AE4A /* FakeValueWrapper.swift in Sources */,
				5D38AC0F29B0D3E700C1AE4A /* DennaResponse.swift in Sources */,
				5D38AC1429B0D3E700C1AE4A /* LogEntryTests.swift in Sources */,
				5D38AC2C29B0D3E700C1AE4A /* EmarsysClientTests.swift in Sources */,
				5D38AC2329B0D3E700C1AE4A /* FakePredictContactApi.swift in Sources */,
				5D38AC0D29B0D3E700C1AE4A /* CryptoTests.swift in Sources */,
				5740256E29BF5FFE0014D9A6 /* RetrierTests.swift in Sources */,
				5D38AC3429B0D3E700C1AE4A /* FakeDeviceInfoClient.swift in Sources */,
				5D38AC1929B0D3E700C1AE4A /* DefaultRemoteConfigHandlerTests.swift in Sources */,
				5D38AC1F29B0D3E700C1AE4A /* Inject.swift in Sources */,
				5D38AC2B29B0D3E700C1AE4A /* DefaultRemoteConfigClientTests.swift in Sources */,
				5D38AC1029B0D3E700C1AE4A /* StateTests.swift in Sources */,
				5D38AC0B29B0D3E700C1AE4A /* TestDependencyContainer.swift in Sources */,
				5D38AC0E29B0D3E700C1AE4A /* GenericNetworkClientTests.swift in Sources */,
				5D38AC1C29B0D3E700C1AE4A /* FakeRemoteConfigHandler.swift in Sources */,
				5D38AC2A29B0D3E700C1AE4A /* DefaultContactClientTests.swift in Sources */,
				5D38AC1629B0D3E700C1AE4A /* FakeDeviceInfoCollector.swift in Sources */,
				57849F4929B73D580002CF62 /* EventTests.swift in Sources */,
				5D38AC3029B0D3E700C1AE4A /* FakeCrypto.swift in Sources */,
				5D38AC3129B0D3E700C1AE4A /* FakeUuidProvider.swift in Sources */,
				5D38AC2F29B0D3E700C1AE4A /* FakeTimestampProvider.swift in Sources */,
				5D38AC3729B0D3E700C1AE4A /* Dictionary.swift in Sources */,
				5D38AC3529B0D3E700C1AE4A /* FakeGenericNetworkClient.swift in Sources */,
				5D38AC3229B0D3E700C1AE4A /* FakeRandomProvider.swift in Sources */,
				5D38AC1529B0D3E700C1AE4A /* FakeNotificationCenterWrapper.swift in Sources */,
				57849F4B29B73F8D0002CF62 /* FakeEventApi.swift in Sources */,
			);
			runOnlyForDeploymentPostprocessing = 0;
		};
/* End PBXSourcesBuildPhase section */

/* Begin PBXTargetDependency section */
		5D38AB5729B0D1EE00C1AE4A /* PBXTargetDependency */ = {
			isa = PBXTargetDependency;
			target = 5D38AB3F29B0D1EC00C1AE4A /* HostApp */;
			targetProxy = 5D38AB5629B0D1EE00C1AE4A /* PBXContainerItemProxy */;
		};
		5D38AC3C29B0D4D600C1AE4A /* PBXTargetDependency */ = {
			isa = PBXTargetDependency;
			productRef = 5D38AC3B29B0D4D600C1AE4A /* EmarsysSDK */;
		};
/* End PBXTargetDependency section */

/* Begin XCBuildConfiguration section */
		5D38AB6729B0D1EE00C1AE4A /* Debug */ = {
			isa = XCBuildConfiguration;
			buildSettings = {
				ALWAYS_SEARCH_USER_PATHS = NO;
				CLANG_ANALYZER_NONNULL = YES;
				CLANG_ANALYZER_NUMBER_OBJECT_CONVERSION = YES_AGGRESSIVE;
				CLANG_CXX_LANGUAGE_STANDARD = "gnu++20";
				CLANG_ENABLE_MODULES = YES;
				CLANG_ENABLE_OBJC_ARC = YES;
				CLANG_ENABLE_OBJC_WEAK = YES;
				CLANG_WARN_BLOCK_CAPTURE_AUTORELEASING = YES;
				CLANG_WARN_BOOL_CONVERSION = YES;
				CLANG_WARN_COMMA = YES;
				CLANG_WARN_CONSTANT_CONVERSION = YES;
				CLANG_WARN_DEPRECATED_OBJC_IMPLEMENTATIONS = YES;
				CLANG_WARN_DIRECT_OBJC_ISA_USAGE = YES_ERROR;
				CLANG_WARN_DOCUMENTATION_COMMENTS = YES;
				CLANG_WARN_EMPTY_BODY = YES;
				CLANG_WARN_ENUM_CONVERSION = YES;
				CLANG_WARN_INFINITE_RECURSION = YES;
				CLANG_WARN_INT_CONVERSION = YES;
				CLANG_WARN_NON_LITERAL_NULL_CONVERSION = YES;
				CLANG_WARN_OBJC_IMPLICIT_RETAIN_SELF = YES;
				CLANG_WARN_OBJC_LITERAL_CONVERSION = YES;
				CLANG_WARN_OBJC_ROOT_CLASS = YES_ERROR;
				CLANG_WARN_QUOTED_INCLUDE_IN_FRAMEWORK_HEADER = YES;
				CLANG_WARN_RANGE_LOOP_ANALYSIS = YES;
				CLANG_WARN_STRICT_PROTOTYPES = YES;
				CLANG_WARN_SUSPICIOUS_MOVE = YES;
				CLANG_WARN_UNGUARDED_AVAILABILITY = YES_AGGRESSIVE;
				CLANG_WARN_UNREACHABLE_CODE = YES;
				CLANG_WARN__DUPLICATE_METHOD_MATCH = YES;
				COPY_PHASE_STRIP = NO;
				DEBUG_INFORMATION_FORMAT = dwarf;
				ENABLE_STRICT_OBJC_MSGSEND = YES;
				ENABLE_TESTABILITY = YES;
				GCC_C_LANGUAGE_STANDARD = gnu11;
				GCC_DYNAMIC_NO_PIC = NO;
				GCC_NO_COMMON_BLOCKS = YES;
				GCC_OPTIMIZATION_LEVEL = 0;
				GCC_PREPROCESSOR_DEFINITIONS = (
					"DEBUG=1",
					"$(inherited)",
				);
				GCC_WARN_64_TO_32_BIT_CONVERSION = YES;
				GCC_WARN_ABOUT_RETURN_TYPE = YES_ERROR;
				GCC_WARN_UNDECLARED_SELECTOR = YES;
				GCC_WARN_UNINITIALIZED_AUTOS = YES_AGGRESSIVE;
				GCC_WARN_UNUSED_FUNCTION = YES;
				GCC_WARN_UNUSED_VARIABLE = YES;
				IPHONEOS_DEPLOYMENT_TARGET = 16.2;
				MTL_ENABLE_DEBUG_INFO = INCLUDE_SOURCE;
				MTL_FAST_MATH = YES;
				ONLY_ACTIVE_ARCH = YES;
				SDKROOT = iphoneos;
				SWIFT_ACTIVE_COMPILATION_CONDITIONS = DEBUG;
				SWIFT_OPTIMIZATION_LEVEL = "-Onone";
			};
			name = Debug;
		};
		5D38AB6829B0D1EE00C1AE4A /* Release */ = {
			isa = XCBuildConfiguration;
			buildSettings = {
				ALWAYS_SEARCH_USER_PATHS = NO;
				CLANG_ANALYZER_NONNULL = YES;
				CLANG_ANALYZER_NUMBER_OBJECT_CONVERSION = YES_AGGRESSIVE;
				CLANG_CXX_LANGUAGE_STANDARD = "gnu++20";
				CLANG_ENABLE_MODULES = YES;
				CLANG_ENABLE_OBJC_ARC = YES;
				CLANG_ENABLE_OBJC_WEAK = YES;
				CLANG_WARN_BLOCK_CAPTURE_AUTORELEASING = YES;
				CLANG_WARN_BOOL_CONVERSION = YES;
				CLANG_WARN_COMMA = YES;
				CLANG_WARN_CONSTANT_CONVERSION = YES;
				CLANG_WARN_DEPRECATED_OBJC_IMPLEMENTATIONS = YES;
				CLANG_WARN_DIRECT_OBJC_ISA_USAGE = YES_ERROR;
				CLANG_WARN_DOCUMENTATION_COMMENTS = YES;
				CLANG_WARN_EMPTY_BODY = YES;
				CLANG_WARN_ENUM_CONVERSION = YES;
				CLANG_WARN_INFINITE_RECURSION = YES;
				CLANG_WARN_INT_CONVERSION = YES;
				CLANG_WARN_NON_LITERAL_NULL_CONVERSION = YES;
				CLANG_WARN_OBJC_IMPLICIT_RETAIN_SELF = YES;
				CLANG_WARN_OBJC_LITERAL_CONVERSION = YES;
				CLANG_WARN_OBJC_ROOT_CLASS = YES_ERROR;
				CLANG_WARN_QUOTED_INCLUDE_IN_FRAMEWORK_HEADER = YES;
				CLANG_WARN_RANGE_LOOP_ANALYSIS = YES;
				CLANG_WARN_STRICT_PROTOTYPES = YES;
				CLANG_WARN_SUSPICIOUS_MOVE = YES;
				CLANG_WARN_UNGUARDED_AVAILABILITY = YES_AGGRESSIVE;
				CLANG_WARN_UNREACHABLE_CODE = YES;
				CLANG_WARN__DUPLICATE_METHOD_MATCH = YES;
				COPY_PHASE_STRIP = NO;
				DEBUG_INFORMATION_FORMAT = "dwarf-with-dsym";
				ENABLE_NS_ASSERTIONS = NO;
				ENABLE_STRICT_OBJC_MSGSEND = YES;
				GCC_C_LANGUAGE_STANDARD = gnu11;
				GCC_NO_COMMON_BLOCKS = YES;
				GCC_WARN_64_TO_32_BIT_CONVERSION = YES;
				GCC_WARN_ABOUT_RETURN_TYPE = YES_ERROR;
				GCC_WARN_UNDECLARED_SELECTOR = YES;
				GCC_WARN_UNINITIALIZED_AUTOS = YES_AGGRESSIVE;
				GCC_WARN_UNUSED_FUNCTION = YES;
				GCC_WARN_UNUSED_VARIABLE = YES;
				IPHONEOS_DEPLOYMENT_TARGET = 16.2;
				MTL_ENABLE_DEBUG_INFO = NO;
				MTL_FAST_MATH = YES;
				SDKROOT = iphoneos;
				SWIFT_COMPILATION_MODE = wholemodule;
				SWIFT_OPTIMIZATION_LEVEL = "-O";
				VALIDATE_PRODUCT = YES;
			};
			name = Release;
		};
		5D38AB6A29B0D1EE00C1AE4A /* Debug */ = {
			isa = XCBuildConfiguration;
			buildSettings = {
				ASSETCATALOG_COMPILER_APPICON_NAME = AppIcon;
				ASSETCATALOG_COMPILER_GLOBAL_ACCENT_COLOR_NAME = AccentColor;
				CODE_SIGN_ENTITLEMENTS = HostApp/HostApp.entitlements;
				CODE_SIGN_STYLE = Automatic;
				CURRENT_PROJECT_VERSION = 1;
				DEVELOPMENT_ASSET_PATHS = "\"HostApp/Preview Content\"";
				DEVELOPMENT_TEAM = 4J5FXBB97U;
				ENABLE_PREVIEWS = YES;
				GENERATE_INFOPLIST_FILE = YES;
				INFOPLIST_KEY_UIApplicationSceneManifest_Generation = YES;
				INFOPLIST_KEY_UIApplicationSupportsIndirectInputEvents = YES;
				INFOPLIST_KEY_UILaunchScreen_Generation = YES;
				INFOPLIST_KEY_UISupportedInterfaceOrientations_iPad = "UIInterfaceOrientationPortrait UIInterfaceOrientationPortraitUpsideDown UIInterfaceOrientationLandscapeLeft UIInterfaceOrientationLandscapeRight";
				INFOPLIST_KEY_UISupportedInterfaceOrientations_iPhone = "UIInterfaceOrientationPortrait UIInterfaceOrientationLandscapeLeft UIInterfaceOrientationLandscapeRight";
				LD_RUNPATH_SEARCH_PATHS = (
					"$(inherited)",
					"@executable_path/Frameworks",
				);
				MARKETING_VERSION = 1.0;
				PRODUCT_BUNDLE_IDENTIFIER = com.emarsys.HostApp;
				PRODUCT_NAME = "$(TARGET_NAME)";
				SWIFT_EMIT_LOC_STRINGS = YES;
				SWIFT_VERSION = 5.0;
				TARGETED_DEVICE_FAMILY = "1,2";
			};
			name = Debug;
		};
		5D38AB6B29B0D1EE00C1AE4A /* Release */ = {
			isa = XCBuildConfiguration;
			buildSettings = {
				ASSETCATALOG_COMPILER_APPICON_NAME = AppIcon;
				ASSETCATALOG_COMPILER_GLOBAL_ACCENT_COLOR_NAME = AccentColor;
				CODE_SIGN_ENTITLEMENTS = HostApp/HostApp.entitlements;
				CODE_SIGN_STYLE = Automatic;
				CURRENT_PROJECT_VERSION = 1;
				DEVELOPMENT_ASSET_PATHS = "\"HostApp/Preview Content\"";
				DEVELOPMENT_TEAM = 4J5FXBB97U;
				ENABLE_PREVIEWS = YES;
				GENERATE_INFOPLIST_FILE = YES;
				INFOPLIST_KEY_UIApplicationSceneManifest_Generation = YES;
				INFOPLIST_KEY_UIApplicationSupportsIndirectInputEvents = YES;
				INFOPLIST_KEY_UILaunchScreen_Generation = YES;
				INFOPLIST_KEY_UISupportedInterfaceOrientations_iPad = "UIInterfaceOrientationPortrait UIInterfaceOrientationPortraitUpsideDown UIInterfaceOrientationLandscapeLeft UIInterfaceOrientationLandscapeRight";
				INFOPLIST_KEY_UISupportedInterfaceOrientations_iPhone = "UIInterfaceOrientationPortrait UIInterfaceOrientationLandscapeLeft UIInterfaceOrientationLandscapeRight";
				LD_RUNPATH_SEARCH_PATHS = (
					"$(inherited)",
					"@executable_path/Frameworks",
				);
				MARKETING_VERSION = 1.0;
				PRODUCT_BUNDLE_IDENTIFIER = com.emarsys.HostApp;
				PRODUCT_NAME = "$(TARGET_NAME)";
				SWIFT_EMIT_LOC_STRINGS = YES;
				SWIFT_VERSION = 5.0;
				TARGETED_DEVICE_FAMILY = "1,2";
			};
			name = Release;
		};
		5D38AB6D29B0D1EE00C1AE4A /* Debug */ = {
			isa = XCBuildConfiguration;
			buildSettings = {
				ALWAYS_EMBED_SWIFT_STANDARD_LIBRARIES = YES;
				BUNDLE_LOADER = "$(TEST_HOST)";
				CODE_SIGN_STYLE = Automatic;
				CURRENT_PROJECT_VERSION = 1;
				DEVELOPMENT_TEAM = 4J5FXBB97U;
				GENERATE_INFOPLIST_FILE = YES;
				IPHONEOS_DEPLOYMENT_TARGET = 16.2;
				MARKETING_VERSION = 1.0;
				PRODUCT_BUNDLE_IDENTIFIER = com.emarsys.HostAppTests;
				PRODUCT_NAME = "$(TARGET_NAME)";
				SWIFT_EMIT_LOC_STRINGS = NO;
				SWIFT_VERSION = 5.0;
				TARGETED_DEVICE_FAMILY = "1,2";
				TEST_HOST = "$(BUILT_PRODUCTS_DIR)/HostApp.app/$(BUNDLE_EXECUTABLE_FOLDER_PATH)/HostApp";
			};
			name = Debug;
		};
		5D38AB6E29B0D1EE00C1AE4A /* Release */ = {
			isa = XCBuildConfiguration;
			buildSettings = {
				ALWAYS_EMBED_SWIFT_STANDARD_LIBRARIES = YES;
				BUNDLE_LOADER = "$(TEST_HOST)";
				CODE_SIGN_STYLE = Automatic;
				CURRENT_PROJECT_VERSION = 1;
				DEVELOPMENT_TEAM = 4J5FXBB97U;
				GENERATE_INFOPLIST_FILE = YES;
				IPHONEOS_DEPLOYMENT_TARGET = 16.2;
				MARKETING_VERSION = 1.0;
				PRODUCT_BUNDLE_IDENTIFIER = com.emarsys.HostAppTests;
				PRODUCT_NAME = "$(TARGET_NAME)";
				SWIFT_EMIT_LOC_STRINGS = NO;
				SWIFT_VERSION = 5.0;
				TARGETED_DEVICE_FAMILY = "1,2";
				TEST_HOST = "$(BUILT_PRODUCTS_DIR)/HostApp.app/$(BUNDLE_EXECUTABLE_FOLDER_PATH)/HostApp";
			};
			name = Release;
		};
/* End XCBuildConfiguration section */

/* Begin XCConfigurationList section */
		5D38AB3B29B0D1EC00C1AE4A /* Build configuration list for PBXProject "HostApp" */ = {
			isa = XCConfigurationList;
			buildConfigurations = (
				5D38AB6729B0D1EE00C1AE4A /* Debug */,
				5D38AB6829B0D1EE00C1AE4A /* Release */,
			);
			defaultConfigurationIsVisible = 0;
			defaultConfigurationName = Release;
		};
		5D38AB6929B0D1EE00C1AE4A /* Build configuration list for PBXNativeTarget "HostApp" */ = {
			isa = XCConfigurationList;
			buildConfigurations = (
				5D38AB6A29B0D1EE00C1AE4A /* Debug */,
				5D38AB6B29B0D1EE00C1AE4A /* Release */,
			);
			defaultConfigurationIsVisible = 0;
			defaultConfigurationName = Release;
		};
		5D38AB6C29B0D1EE00C1AE4A /* Build configuration list for PBXNativeTarget "HostAppTests" */ = {
			isa = XCConfigurationList;
			buildConfigurations = (
				5D38AB6D29B0D1EE00C1AE4A /* Debug */,
				5D38AB6E29B0D1EE00C1AE4A /* Release */,
			);
			defaultConfigurationIsVisible = 0;
			defaultConfigurationName = Release;
		};
/* End XCConfigurationList section */

/* Begin XCSwiftPackageProductDependency section */
		5D38AC3929B0D44C00C1AE4A /* EmarsysSDK */ = {
			isa = XCSwiftPackageProductDependency;
			productName = EmarsysSDK;
		};
		5D38AC3B29B0D4D600C1AE4A /* EmarsysSDK */ = {
			isa = XCSwiftPackageProductDependency;
			productName = EmarsysSDK;
		};
/* End XCSwiftPackageProductDependency section */

/* Begin XCVersionGroup section */
		5D38AB4E29B0D1EE00C1AE4A /* HostApp.xcdatamodeld */ = {
			isa = XCVersionGroup;
			children = (
				5D38AB4F29B0D1EE00C1AE4A /* HostApp.xcdatamodel */,
			);
			currentVersion = 5D38AB4F29B0D1EE00C1AE4A /* HostApp.xcdatamodel */;
			path = HostApp.xcdatamodeld;
			sourceTree = "<group>";
			versionGroupType = wrapper.xcdatamodel;
		};
/* End XCVersionGroup section */
	};
	rootObject = 5D38AB3829B0D1EC00C1AE4A /* Project object */;
}
