// !$*UTF8*$!
{
	archiveVersion = 1;
	classes = {
	};
	objectVersion = 56;
	objects = {

/* Begin PBXBuildFile section */
		5D7EA2CD29409C4700ED165E /* EmarsysSDK.docc in Sources */ = {isa = PBXBuildFile; fileRef = 5D7EA2CC29409C4700ED165E /* EmarsysSDK.docc */; };
		5D7EA2D329409C4700ED165E /* EmarsysSDK.framework in Frameworks */ = {isa = PBXBuildFile; fileRef = 5D7EA2C829409C4700ED165E /* EmarsysSDK.framework */; };
		5D7EA2D829409C4700ED165E /* EmarsysSDKTests.swift in Sources */ = {isa = PBXBuildFile; fileRef = 5D7EA2D729409C4700ED165E /* EmarsysSDKTests.swift */; };
		5D7EA2D929409C4700ED165E /* EmarsysSDK.h in Headers */ = {isa = PBXBuildFile; fileRef = 5D7EA2CB29409C4700ED165E /* EmarsysSDK.h */; settings = {ATTRIBUTES = (Public, ); }; };
/* End PBXBuildFile section */

/* Begin PBXContainerItemProxy section */
		5D7EA2D429409C4700ED165E /* PBXContainerItemProxy */ = {
			isa = PBXContainerItemProxy;
			containerPortal = 5D7EA2BF29409C4700ED165E /* Project object */;
			proxyType = 1;
			remoteGlobalIDString = 5D7EA2C729409C4700ED165E;
			remoteInfo = EmarsysSDK;
		};
/* End PBXContainerItemProxy section */

/* Begin PBXFileReference section */
		5D7EA2C829409C4700ED165E /* EmarsysSDK.framework */ = {isa = PBXFileReference; explicitFileType = wrapper.framework; includeInIndex = 0; path = EmarsysSDK.framework; sourceTree = BUILT_PRODUCTS_DIR; };
		5D7EA2CB29409C4700ED165E /* EmarsysSDK.h */ = {isa = PBXFileReference; lastKnownFileType = sourcecode.c.h; path = EmarsysSDK.h; sourceTree = "<group>"; };
		5D7EA2CC29409C4700ED165E /* EmarsysSDK.docc */ = {isa = PBXFileReference; lastKnownFileType = folder.documentationcatalog; path = EmarsysSDK.docc; sourceTree = "<group>"; };
		5D7EA2D229409C4700ED165E /* Tests.xctest */ = {isa = PBXFileReference; explicitFileType = wrapper.cfbundle; includeInIndex = 0; path = Tests.xctest; sourceTree = BUILT_PRODUCTS_DIR; };
		5D7EA2D729409C4700ED165E /* EmarsysSDKTests.swift */ = {isa = PBXFileReference; lastKnownFileType = sourcecode.swift; path = EmarsysSDKTests.swift; sourceTree = "<group>"; };
/* End PBXFileReference section */

/* Begin PBXFrameworksBuildPhase section */
		5D7EA2C529409C4700ED165E /* Frameworks */ = {
			isa = PBXFrameworksBuildPhase;
			buildActionMask = 2147483647;
			files = (
			);
			runOnlyForDeploymentPostprocessing = 0;
		};
		5D7EA2CF29409C4700ED165E /* Frameworks */ = {
			isa = PBXFrameworksBuildPhase;
			buildActionMask = 2147483647;
			files = (
				5D7EA2D329409C4700ED165E /* EmarsysSDK.framework in Frameworks */,
			);
			runOnlyForDeploymentPostprocessing = 0;
		};
/* End PBXFrameworksBuildPhase section */

/* Begin PBXGroup section */
		5D7EA2BE29409C4700ED165E = {
			isa = PBXGroup;
			children = (
				5D7EA2CA29409C4700ED165E /* Sources */,
				5D7EA2D629409C4700ED165E /* Tests */,
				5D7EA2C929409C4700ED165E /* Products */,
			);
			sourceTree = "<group>";
		};
		5D7EA2C929409C4700ED165E /* Products */ = {
			isa = PBXGroup;
			children = (
				5D7EA2C829409C4700ED165E /* EmarsysSDK.framework */,
				5D7EA2D229409C4700ED165E /* Tests.xctest */,
			);
			name = Products;
			sourceTree = "<group>";
		};
		5D7EA2CA29409C4700ED165E /* Sources */ = {
			isa = PBXGroup;
			children = (
				5DD9062129409E3C00349303 /* Core */,
				5D7EA2CB29409C4700ED165E /* EmarsysSDK.h */,
				5D7EA2CC29409C4700ED165E /* EmarsysSDK.docc */,
			);
			path = Sources;
			sourceTree = "<group>";
		};
		5D7EA2D629409C4700ED165E /* Tests */ = {
			isa = PBXGroup;
			children = (
				5D7EA2D729409C4700ED165E /* EmarsysSDKTests.swift */,
			);
			path = Tests;
			sourceTree = "<group>";
		};
		5DD9062129409E3C00349303 /* Core */ = {
			isa = PBXGroup;
			children = (
			);
			path = Core;
			sourceTree = "<group>";
		};
/* End PBXGroup section */

/* Begin PBXHeadersBuildPhase section */
		5D7EA2C329409C4700ED165E /* Headers */ = {
			isa = PBXHeadersBuildPhase;
			buildActionMask = 2147483647;
			files = (
				5D7EA2D929409C4700ED165E /* EmarsysSDK.h in Headers */,
			);
			runOnlyForDeploymentPostprocessing = 0;
		};
/* End PBXHeadersBuildPhase section */

/* Begin PBXNativeTarget section */
		5D7EA2C729409C4700ED165E /* EmarsysSDK */ = {
			isa = PBXNativeTarget;
			buildConfigurationList = 5D7EA2DC29409C4700ED165E /* Build configuration list for PBXNativeTarget "EmarsysSDK" */;
			buildPhases = (
				5D7EA2C329409C4700ED165E /* Headers */,
				5D7EA2C429409C4700ED165E /* Sources */,
				5D7EA2C529409C4700ED165E /* Frameworks */,
				5D7EA2C629409C4700ED165E /* Resources */,
			);
			buildRules = (
			);
			dependencies = (
			);
			name = EmarsysSDK;
			productName = EmarsysSDK;
			productReference = 5D7EA2C829409C4700ED165E /* EmarsysSDK.framework */;
			productType = "com.apple.product-type.framework";
		};
		5D7EA2D129409C4700ED165E /* Tests */ = {
			isa = PBXNativeTarget;
			buildConfigurationList = 5D7EA2DF29409C4700ED165E /* Build configuration list for PBXNativeTarget "Tests" */;
			buildPhases = (
				5D7EA2CE29409C4700ED165E /* Sources */,
				5D7EA2CF29409C4700ED165E /* Frameworks */,
				5D7EA2D029409C4700ED165E /* Resources */,
			);
			buildRules = (
			);
			dependencies = (
				5D7EA2D529409C4700ED165E /* PBXTargetDependency */,
			);
			name = Tests;
			productName = EmarsysSDKTests;
			productReference = 5D7EA2D229409C4700ED165E /* Tests.xctest */;
			productType = "com.apple.product-type.bundle.unit-test";
		};
/* End PBXNativeTarget section */

/* Begin PBXProject section */
		5D7EA2BF29409C4700ED165E /* Project object */ = {
			isa = PBXProject;
			attributes = {
				BuildIndependentTargetsInParallel = 1;
				LastSwiftUpdateCheck = 1410;
				LastUpgradeCheck = 1410;
				TargetAttributes = {
					5D7EA2C729409C4700ED165E = {
						CreatedOnToolsVersion = 14.1;
					};
					5D7EA2D129409C4700ED165E = {
						CreatedOnToolsVersion = 14.1;
					};
				};
			};
			buildConfigurationList = 5D7EA2C229409C4700ED165E /* Build configuration list for PBXProject "EmarsysSDK" */;
			compatibilityVersion = "Xcode 14.0";
			developmentRegion = en;
			hasScannedForEncodings = 0;
			knownRegions = (
				en,
				Base,
			);
			mainGroup = 5D7EA2BE29409C4700ED165E;
			productRefGroup = 5D7EA2C929409C4700ED165E /* Products */;
			projectDirPath = "";
			projectRoot = "";
			targets = (
				5D7EA2C729409C4700ED165E /* EmarsysSDK */,
				5D7EA2D129409C4700ED165E /* Tests */,
			);
		};
/* End PBXProject section */

/* Begin PBXResourcesBuildPhase section */
		5D7EA2C629409C4700ED165E /* Resources */ = {
			isa = PBXResourcesBuildPhase;
			buildActionMask = 2147483647;
			files = (
			);
			runOnlyForDeploymentPostprocessing = 0;
		};
		5D7EA2D029409C4700ED165E /* Resources */ = {
			isa = PBXResourcesBuildPhase;
			buildActionMask = 2147483647;
			files = (
			);
			runOnlyForDeploymentPostprocessing = 0;
		};
/* End PBXResourcesBuildPhase section */

/* Begin PBXSourcesBuildPhase section */
		5D7EA2C429409C4700ED165E /* Sources */ = {
			isa = PBXSourcesBuildPhase;
			buildActionMask = 2147483647;
			files = (
				5D7EA2CD29409C4700ED165E /* EmarsysSDK.docc in Sources */,
			);
			runOnlyForDeploymentPostprocessing = 0;
		};
		5D7EA2CE29409C4700ED165E /* Sources */ = {
			isa = PBXSourcesBuildPhase;
			buildActionMask = 2147483647;
			files = (
				5D7EA2D829409C4700ED165E /* EmarsysSDKTests.swift in Sources */,
			);
			runOnlyForDeploymentPostprocessing = 0;
		};
/* End PBXSourcesBuildPhase section */

/* Begin PBXTargetDependency section */
		5D7EA2D529409C4700ED165E /* PBXTargetDependency */ = {
			isa = PBXTargetDependency;
			target = 5D7EA2C729409C4700ED165E /* EmarsysSDK */;
			targetProxy = 5D7EA2D429409C4700ED165E /* PBXContainerItemProxy */;
		};
/* End PBXTargetDependency section */

/* Begin XCBuildConfiguration section */
		5D7EA2DA29409C4700ED165E /* Debug */ = {
			isa = XCBuildConfiguration;
			buildSettings = {
				ALWAYS_SEARCH_USER_PATHS = NO;
				CLANG_ANALYZER_NONNULL = YES;
				CLANG_ANALYZER_NUMBER_OBJECT_CONVERSION = YES_AGGRESSIVE;
				CLANG_CXX_LANGUAGE_STANDARD = "gnu++20";
				CLANG_ENABLE_MODULES = YES;
				CLANG_ENABLE_OBJC_ARC = YES;
				CLANG_ENABLE_OBJC_WEAK = YES;
				CLANG_WARN_BLOCK_CAPTURE_AUTORELEASING = YES;
				CLANG_WARN_BOOL_CONVERSION = YES;
				CLANG_WARN_COMMA = YES;
				CLANG_WARN_CONSTANT_CONVERSION = YES;
				CLANG_WARN_DEPRECATED_OBJC_IMPLEMENTATIONS = YES;
				CLANG_WARN_DIRECT_OBJC_ISA_USAGE = YES_ERROR;
				CLANG_WARN_DOCUMENTATION_COMMENTS = YES;
				CLANG_WARN_EMPTY_BODY = YES;
				CLANG_WARN_ENUM_CONVERSION = YES;
				CLANG_WARN_INFINITE_RECURSION = YES;
				CLANG_WARN_INT_CONVERSION = YES;
				CLANG_WARN_NON_LITERAL_NULL_CONVERSION = YES;
				CLANG_WARN_OBJC_IMPLICIT_RETAIN_SELF = YES;
				CLANG_WARN_OBJC_LITERAL_CONVERSION = YES;
				CLANG_WARN_OBJC_ROOT_CLASS = YES_ERROR;
				CLANG_WARN_QUOTED_INCLUDE_IN_FRAMEWORK_HEADER = YES;
				CLANG_WARN_RANGE_LOOP_ANALYSIS = YES;
				CLANG_WARN_STRICT_PROTOTYPES = YES;
				CLANG_WARN_SUSPICIOUS_MOVE = YES;
				CLANG_WARN_UNGUARDED_AVAILABILITY = YES_AGGRESSIVE;
				CLANG_WARN_UNREACHABLE_CODE = YES;
				CLANG_WARN__DUPLICATE_METHOD_MATCH = YES;
				COPY_PHASE_STRIP = NO;
				CURRENT_PROJECT_VERSION = 1;
				DEBUG_INFORMATION_FORMAT = dwarf;
				ENABLE_STRICT_OBJC_MSGSEND = YES;
				ENABLE_TESTABILITY = YES;
				GCC_C_LANGUAGE_STANDARD = gnu11;
				GCC_DYNAMIC_NO_PIC = NO;
				GCC_NO_COMMON_BLOCKS = YES;
				GCC_OPTIMIZATION_LEVEL = 0;
				GCC_PREPROCESSOR_DEFINITIONS = (
					"DEBUG=1",
					"$(inherited)",
				);
				GCC_WARN_64_TO_32_BIT_CONVERSION = YES;
				GCC_WARN_ABOUT_RETURN_TYPE = YES_ERROR;
				GCC_WARN_UNDECLARED_SELECTOR = YES;
				GCC_WARN_UNINITIALIZED_AUTOS = YES_AGGRESSIVE;
				GCC_WARN_UNUSED_FUNCTION = YES;
				GCC_WARN_UNUSED_VARIABLE = YES;
				IPHONEOS_DEPLOYMENT_TARGET = 16.1;
				MTL_ENABLE_DEBUG_INFO = INCLUDE_SOURCE;
				MTL_FAST_MATH = YES;
				ONLY_ACTIVE_ARCH = YES;
				SDKROOT = iphoneos;
				SWIFT_ACTIVE_COMPILATION_CONDITIONS = DEBUG;
				SWIFT_OPTIMIZATION_LEVEL = "-Onone";
				VERSIONING_SYSTEM = "apple-generic";
				VERSION_INFO_PREFIX = "";
			};
			name = Debug;
		};
		5D7EA2DB29409C4700ED165E /* Release */ = {
			isa = XCBuildConfiguration;
			buildSettings = {
				ALWAYS_SEARCH_USER_PATHS = NO;
				CLANG_ANALYZER_NONNULL = YES;
				CLANG_ANALYZER_NUMBER_OBJECT_CONVERSION = YES_AGGRESSIVE;
				CLANG_CXX_LANGUAGE_STANDARD = "gnu++20";
				CLANG_ENABLE_MODULES = YES;
				CLANG_ENABLE_OBJC_ARC = YES;
				CLANG_ENABLE_OBJC_WEAK = YES;
				CLANG_WARN_BLOCK_CAPTURE_AUTORELEASING = YES;
				CLANG_WARN_BOOL_CONVERSION = YES;
				CLANG_WARN_COMMA = YES;
				CLANG_WARN_CONSTANT_CONVERSION = YES;
				CLANG_WARN_DEPRECATED_OBJC_IMPLEMENTATIONS = YES;
				CLANG_WARN_DIRECT_OBJC_ISA_USAGE = YES_ERROR;
				CLANG_WARN_DOCUMENTATION_COMMENTS = YES;
				CLANG_WARN_EMPTY_BODY = YES;
				CLANG_WARN_ENUM_CONVERSION = YES;
				CLANG_WARN_INFINITE_RECURSION = YES;
				CLANG_WARN_INT_CONVERSION = YES;
				CLANG_WARN_NON_LITERAL_NULL_CONVERSION = YES;
				CLANG_WARN_OBJC_IMPLICIT_RETAIN_SELF = YES;
				CLANG_WARN_OBJC_LITERAL_CONVERSION = YES;
				CLANG_WARN_OBJC_ROOT_CLASS = YES_ERROR;
				CLANG_WARN_QUOTED_INCLUDE_IN_FRAMEWORK_HEADER = YES;
				CLANG_WARN_RANGE_LOOP_ANALYSIS = YES;
				CLANG_WARN_STRICT_PROTOTYPES = YES;
				CLANG_WARN_SUSPICIOUS_MOVE = YES;
				CLANG_WARN_UNGUARDED_AVAILABILITY = YES_AGGRESSIVE;
				CLANG_WARN_UNREACHABLE_CODE = YES;
				CLANG_WARN__DUPLICATE_METHOD_MATCH = YES;
				COPY_PHASE_STRIP = NO;
				CURRENT_PROJECT_VERSION = 1;
				DEBUG_INFORMATION_FORMAT = "dwarf-with-dsym";
				ENABLE_NS_ASSERTIONS = NO;
				ENABLE_STRICT_OBJC_MSGSEND = YES;
				GCC_C_LANGUAGE_STANDARD = gnu11;
				GCC_NO_COMMON_BLOCKS = YES;
				GCC_WARN_64_TO_32_BIT_CONVERSION = YES;
				GCC_WARN_ABOUT_RETURN_TYPE = YES_ERROR;
				GCC_WARN_UNDECLARED_SELECTOR = YES;
				GCC_WARN_UNINITIALIZED_AUTOS = YES_AGGRESSIVE;
				GCC_WARN_UNUSED_FUNCTION = YES;
				GCC_WARN_UNUSED_VARIABLE = YES;
				IPHONEOS_DEPLOYMENT_TARGET = 16.1;
				MTL_ENABLE_DEBUG_INFO = NO;
				MTL_FAST_MATH = YES;
				SDKROOT = iphoneos;
				SWIFT_COMPILATION_MODE = wholemodule;
				SWIFT_OPTIMIZATION_LEVEL = "-O";
				VALIDATE_PRODUCT = YES;
				VERSIONING_SYSTEM = "apple-generic";
				VERSION_INFO_PREFIX = "";
			};
			name = Release;
		};
		5D7EA2DD29409C4700ED165E /* Debug */ = {
			isa = XCBuildConfiguration;
			buildSettings = {
				CODE_SIGN_STYLE = Automatic;
				CURRENT_PROJECT_VERSION = 1;
				DEFINES_MODULE = YES;
				DEVELOPMENT_TEAM = 4J5FXBB97U;
				DYLIB_COMPATIBILITY_VERSION = 1;
				DYLIB_CURRENT_VERSION = 1;
				DYLIB_INSTALL_NAME_BASE = "@rpath";
				GENERATE_INFOPLIST_FILE = YES;
				INFOPLIST_KEY_NSHumanReadableCopyright = "";
				INSTALL_PATH = "$(LOCAL_LIBRARY_DIR)/Frameworks";
				LD_RUNPATH_SEARCH_PATHS = (
					"$(inherited)",
					"@executable_path/Frameworks",
					"@loader_path/Frameworks",
				);
				MARKETING_VERSION = 1.0;
				PRODUCT_BUNDLE_IDENTIFIER = com.emarsys.EmarsysSDK;
				PRODUCT_NAME = "$(TARGET_NAME:c99extidentifier)";
				SKIP_INSTALL = YES;
				SWIFT_EMIT_LOC_STRINGS = YES;
				SWIFT_VERSION = 5.0;
				TARGETED_DEVICE_FAMILY = "1,2";
			};
			name = Debug;
		};
		5D7EA2DE29409C4700ED165E /* Release */ = {
			isa = XCBuildConfiguration;
			buildSettings = {
				CODE_SIGN_STYLE = Automatic;
				CURRENT_PROJECT_VERSION = 1;
				DEFINES_MODULE = YES;
				DEVELOPMENT_TEAM = 4J5FXBB97U;
				DYLIB_COMPATIBILITY_VERSION = 1;
				DYLIB_CURRENT_VERSION = 1;
				DYLIB_INSTALL_NAME_BASE = "@rpath";
				GENERATE_INFOPLIST_FILE = YES;
				INFOPLIST_KEY_NSHumanReadableCopyright = "";
				INSTALL_PATH = "$(LOCAL_LIBRARY_DIR)/Frameworks";
				LD_RUNPATH_SEARCH_PATHS = (
					"$(inherited)",
					"@executable_path/Frameworks",
					"@loader_path/Frameworks",
				);
				MARKETING_VERSION = 1.0;
				PRODUCT_BUNDLE_IDENTIFIER = com.emarsys.EmarsysSDK;
				PRODUCT_NAME = "$(TARGET_NAME:c99extidentifier)";
				SKIP_INSTALL = YES;
				SWIFT_EMIT_LOC_STRINGS = YES;
				SWIFT_VERSION = 5.0;
				TARGETED_DEVICE_FAMILY = "1,2";
			};
			name = Release;
		};
		5D7EA2E029409C4700ED165E /* Debug */ = {
			isa = XCBuildConfiguration;
			buildSettings = {
				CODE_SIGN_STYLE = Automatic;
				CURRENT_PROJECT_VERSION = 1;
				DEVELOPMENT_TEAM = 4J5FXBB97U;
				GENERATE_INFOPLIST_FILE = YES;
				MARKETING_VERSION = 1.0;
				PRODUCT_BUNDLE_IDENTIFIER = com.emarsys.EmarsysSDKTests;
				PRODUCT_NAME = "$(TARGET_NAME)";
				SWIFT_EMIT_LOC_STRINGS = NO;
				SWIFT_VERSION = 5.0;
				TARGETED_DEVICE_FAMILY = "1,2";
			};
			name = Debug;
		};
		5D7EA2E129409C4700ED165E /* Release */ = {
			isa = XCBuildConfiguration;
			buildSettings = {
				CODE_SIGN_STYLE = Automatic;
				CURRENT_PROJECT_VERSION = 1;
				DEVELOPMENT_TEAM = 4J5FXBB97U;
				GENERATE_INFOPLIST_FILE = YES;
				MARKETING_VERSION = 1.0;
				PRODUCT_BUNDLE_IDENTIFIER = com.emarsys.EmarsysSDKTests;
				PRODUCT_NAME = "$(TARGET_NAME)";
				SWIFT_EMIT_LOC_STRINGS = NO;
				SWIFT_VERSION = 5.0;
				TARGETED_DEVICE_FAMILY = "1,2";
			};
			name = Release;
		};
/* End XCBuildConfiguration section */

/* Begin XCConfigurationList section */
		5D7EA2C229409C4700ED165E /* Build configuration list for PBXProject "EmarsysSDK" */ = {
			isa = XCConfigurationList;
			buildConfigurations = (
				5D7EA2DA29409C4700ED165E /* Debug */,
				5D7EA2DB29409C4700ED165E /* Release */,
			);
			defaultConfigurationIsVisible = 0;
			defaultConfigurationName = Release;
		};
		5D7EA2DC29409C4700ED165E /* Build configuration list for PBXNativeTarget "EmarsysSDK" */ = {
			isa = XCConfigurationList;
			buildConfigurations = (
				5D7EA2DD29409C4700ED165E /* Debug */,
				5D7EA2DE29409C4700ED165E /* Release */,
			);
			defaultConfigurationIsVisible = 0;
			defaultConfigurationName = Release;
		};
		5D7EA2DF29409C4700ED165E /* Build configuration list for PBXNativeTarget "Tests" */ = {
			isa = XCConfigurationList;
			buildConfigurations = (
				5D7EA2E029409C4700ED165E /* Debug */,
				5D7EA2E129409C4700ED165E /* Release */,
			);
			defaultConfigurationIsVisible = 0;
			defaultConfigurationName = Release;
		};
/* End XCConfigurationList section */
	};
	rootObject = 5D7EA2BF29409C4700ED165E /* Project object */;
}
