// !$*UTF8*$!
{
	archiveVersion = 1;
	classes = {
	};
	objectVersion = 50;
	objects = {

/* Begin PBXBuildFile section */
		8A09783B2344B99A005BDD07 /* KeyboardDismisser.swift in Sources */ = {isa = PBXBuildFile; fileRef = 8A09783A2344B99A005BDD07 /* KeyboardDismisser.swift */; };
		8A1086A72111D88800792D40 /* AppDelegate.swift in Sources */ = {isa = PBXBuildFile; fileRef = 8A1086A62111D88800792D40 /* AppDelegate.swift */; };
		8A45E0BE2318085D0078B270 /* ProductCell.swift in Sources */ = {isa = PBXBuildFile; fileRef = 8A45E0BD2318085D0078B270 /* ProductCell.swift */; };
		8A467EF62183307E00CEA87C /* PredictViewController.swift in Sources */ = {isa = PBXBuildFile; fileRef = 8A467EF52183307E00CEA87C /* PredictViewController.swift */; };
		8A49EF53211AD57D00D08990 /* NotificationNames.swift in Sources */ = {isa = PBXBuildFile; fileRef = 8A49EF47211AD57C00D08990 /* NotificationNames.swift */; };
		8A49EF55211AD57D00D08990 /* LaunchScreen.storyboard in Resources */ = {isa = PBXBuildFile; fileRef = 8A49EF4B211AD57D00D08990 /* LaunchScreen.storyboard */; };
		8A49EF56211AD57D00D08990 /* Assets.xcassets in Resources */ = {isa = PBXBuildFile; fileRef = 8A49EF4C211AD57D00D08990 /* Assets.xcassets */; };
		8A49EF57211AD57D00D08990 /* MESInboxViewController.swift in Sources */ = {isa = PBXBuildFile; fileRef = 8A49EF4D211AD57D00D08990 /* MESInboxViewController.swift */; };
		8A49EF58211AD57D00D08990 /* Main.storyboard in Resources */ = {isa = PBXBuildFile; fileRef = 8A49EF4E211AD57D00D08990 /* Main.storyboard */; };
		8A49EF59211AD57D00D08990 /* ViewControllerKeyboardHandling.swift in Sources */ = {isa = PBXBuildFile; fileRef = 8A49EF4F211AD57D00D08990 /* ViewControllerKeyboardHandling.swift */; };
		8A49EF5A211AD57D00D08990 /* MESMobileEngageViewController.swift in Sources */ = {isa = PBXBuildFile; fileRef = 8A49EF50211AD57D00D08990 /* MESMobileEngageViewController.swift */; };
		8A49EF5C211AD59400D08990 /* MobileEngageSampleAppUITests.swift in Sources */ = {isa = PBXBuildFile; fileRef = 8A49EF5B211AD59400D08990 /* MobileEngageSampleAppUITests.swift */; };
		8A49EF64211AD61A00D08990 /* NotificationService.swift in Sources */ = {isa = PBXBuildFile; fileRef = 8A49EF63211AD61A00D08990 /* NotificationService.swift */; };
		8AF0506823E43BF100D20DA9 /* EMSNotificationService.appex in Embed App Extensions */ = {isa = PBXBuildFile; fileRef = 8A49EF61211AD61A00D08990 /* EMSNotificationService.appex */; settings = {ATTRIBUTES = (RemoveHeadersOnCopy, ); }; };
		8AFDEA2023438B3800F7F364 /* ConfigViewController.swift in Sources */ = {isa = PBXBuildFile; fileRef = 8AFDEA1F23438B3800F7F364 /* ConfigViewController.swift */; };
		A5EA7C6E78E2D01337869D2A /* Pods_EMSNotificationService.framework in Frameworks */ = {isa = PBXBuildFile; fileRef = 656090FC64A67FDB04981CF3 /* Pods_EMSNotificationService.framework */; };
		BD6B6375B0CEED26B6B3CD5E /* Pods_Emarsys_Sample.framework in Frameworks */ = {isa = PBXBuildFile; fileRef = 09D704798D6F4E06C02B0699 /* Pods_Emarsys_Sample.framework */; };
/* End PBXBuildFile section */

/* Begin PBXContainerItemProxy section */
		8A1086B82111D88900792D40 /* PBXContainerItemProxy */ = {
			isa = PBXContainerItemProxy;
			containerPortal = 8A10869B2111D88800792D40 /* Project object */;
			proxyType = 1;
			remoteGlobalIDString = 8A1086A22111D88800792D40;
			remoteInfo = "Emarsys Sample";
		};
		8AF0506923E43BF100D20DA9 /* PBXContainerItemProxy */ = {
			isa = PBXContainerItemProxy;
			containerPortal = 8A10869B2111D88800792D40 /* Project object */;
			proxyType = 1;
			remoteGlobalIDString = 8A49EF60211AD61A00D08990;
			remoteInfo = EMSNotificationService;
		};
/* End PBXContainerItemProxy section */

/* Begin PBXCopyFilesBuildPhase section */
		8AF0506B23E43BF200D20DA9 /* Embed App Extensions */ = {
			isa = PBXCopyFilesBuildPhase;
			buildActionMask = 2147483647;
			dstPath = "";
			dstSubfolderSpec = 13;
			files = (
				8AF0506823E43BF100D20DA9 /* EMSNotificationService.appex in Embed App Extensions */,
			);
			name = "Embed App Extensions";
			runOnlyForDeploymentPostprocessing = 0;
		};
/* End PBXCopyFilesBuildPhase section */

/* Begin PBXFileReference section */
		09D704798D6F4E06C02B0699 /* Pods_Emarsys_Sample.framework */ = {isa = PBXFileReference; explicitFileType = wrapper.framework; includeInIndex = 0; path = Pods_Emarsys_Sample.framework; sourceTree = BUILT_PRODUCTS_DIR; };
		32C6FB631CFCA67B45F2B45E /* Podfile */ = {isa = PBXFileReference; fileEncoding = 4; lastKnownFileType = text; path = Podfile; sourceTree = "<group>"; xcLanguageSpecificationIdentifier = xcode.lang.ruby; };
		656090FC64A67FDB04981CF3 /* Pods_EMSNotificationService.framework */ = {isa = PBXFileReference; explicitFileType = wrapper.framework; includeInIndex = 0; path = Pods_EMSNotificationService.framework; sourceTree = BUILT_PRODUCTS_DIR; };
		7266DF8ED96DE99A3DBF7D58 /* Pods-EMSNotificationService.debug.xcconfig */ = {isa = PBXFileReference; includeInIndex = 1; lastKnownFileType = text.xcconfig; name = "Pods-EMSNotificationService.debug.xcconfig"; path = "Target Support Files/Pods-EMSNotificationService/Pods-EMSNotificationService.debug.xcconfig"; sourceTree = "<group>"; };
		7D2A8508CB307BC8792CB119 /* Pods-EMSNotificationService.release.xcconfig */ = {isa = PBXFileReference; includeInIndex = 1; lastKnownFileType = text.xcconfig; name = "Pods-EMSNotificationService.release.xcconfig"; path = "Target Support Files/Pods-EMSNotificationService/Pods-EMSNotificationService.release.xcconfig"; sourceTree = "<group>"; };
		8A09783A2344B99A005BDD07 /* KeyboardDismisser.swift */ = {isa = PBXFileReference; lastKnownFileType = sourcecode.swift; path = KeyboardDismisser.swift; sourceTree = "<group>"; };
		8A1086A32111D88800792D40 /* Emarsys Sample.app */ = {isa = PBXFileReference; explicitFileType = wrapper.application; includeInIndex = 0; path = "Emarsys Sample.app"; sourceTree = BUILT_PRODUCTS_DIR; };
		8A1086A62111D88800792D40 /* AppDelegate.swift */ = {isa = PBXFileReference; lastKnownFileType = sourcecode.swift; path = AppDelegate.swift; sourceTree = "<group>"; };
		8A1086B22111D88900792D40 /* Info.plist */ = {isa = PBXFileReference; lastKnownFileType = text.plist.xml; path = Info.plist; sourceTree = "<group>"; };
		8A1086B72111D88900792D40 /* Emarsys SampleUITests.xctest */ = {isa = PBXFileReference; explicitFileType = wrapper.cfbundle; includeInIndex = 0; path = "Emarsys SampleUITests.xctest"; sourceTree = BUILT_PRODUCTS_DIR; };
		8A1086BD2111D88900792D40 /* Info.plist */ = {isa = PBXFileReference; lastKnownFileType = text.plist.xml; path = Info.plist; sourceTree = "<group>"; };
		8A45E0BD2318085D0078B270 /* ProductCell.swift */ = {isa = PBXFileReference; lastKnownFileType = sourcecode.swift; path = ProductCell.swift; sourceTree = "<group>"; };
		8A467EF52183307E00CEA87C /* PredictViewController.swift */ = {isa = PBXFileReference; lastKnownFileType = sourcecode.swift; path = PredictViewController.swift; sourceTree = "<group>"; };
		8A49EF47211AD57C00D08990 /* NotificationNames.swift */ = {isa = PBXFileReference; fileEncoding = 4; lastKnownFileType = sourcecode.swift; path = NotificationNames.swift; sourceTree = "<group>"; };
		8A49EF4B211AD57D00D08990 /* LaunchScreen.storyboard */ = {isa = PBXFileReference; fileEncoding = 4; lastKnownFileType = file.storyboard; path = LaunchScreen.storyboard; sourceTree = "<group>"; };
		8A49EF4C211AD57D00D08990 /* Assets.xcassets */ = {isa = PBXFileReference; lastKnownFileType = folder.assetcatalog; path = Assets.xcassets; sourceTree = "<group>"; };
		8A49EF4D211AD57D00D08990 /* MESInboxViewController.swift */ = {isa = PBXFileReference; fileEncoding = 4; lastKnownFileType = sourcecode.swift; path = MESInboxViewController.swift; sourceTree = "<group>"; };
		8A49EF4E211AD57D00D08990 /* Main.storyboard */ = {isa = PBXFileReference; fileEncoding = 4; lastKnownFileType = file.storyboard; path = Main.storyboard; sourceTree = "<group>"; };
		8A49EF4F211AD57D00D08990 /* ViewControllerKeyboardHandling.swift */ = {isa = PBXFileReference; fileEncoding = 4; lastKnownFileType = sourcecode.swift; path = ViewControllerKeyboardHandling.swift; sourceTree = "<group>"; };
		8A49EF50211AD57D00D08990 /* MESMobileEngageViewController.swift */ = {isa = PBXFileReference; fileEncoding = 4; lastKnownFileType = sourcecode.swift; path = MESMobileEngageViewController.swift; sourceTree = "<group>"; };
		8A49EF5B211AD59400D08990 /* MobileEngageSampleAppUITests.swift */ = {isa = PBXFileReference; fileEncoding = 4; lastKnownFileType = sourcecode.swift; path = MobileEngageSampleAppUITests.swift; sourceTree = "<group>"; };
		8A49EF61211AD61A00D08990 /* EMSNotificationService.appex */ = {isa = PBXFileReference; explicitFileType = "wrapper.app-extension"; includeInIndex = 0; path = EMSNotificationService.appex; sourceTree = BUILT_PRODUCTS_DIR; };
		8A49EF63211AD61A00D08990 /* NotificationService.swift */ = {isa = PBXFileReference; lastKnownFileType = sourcecode.swift; path = NotificationService.swift; sourceTree = "<group>"; };
		8A49EF65211AD61A00D08990 /* Info.plist */ = {isa = PBXFileReference; lastKnownFileType = text.plist.xml; path = Info.plist; sourceTree = "<group>"; };
		8AE30E8F2179CA3A008C2490 /* Emarsys Sample.entitlements */ = {isa = PBXFileReference; lastKnownFileType = text.plist.entitlements; path = "Emarsys Sample.entitlements"; sourceTree = "<group>"; };
		8AFDEA1F23438B3800F7F364 /* ConfigViewController.swift */ = {isa = PBXFileReference; lastKnownFileType = sourcecode.swift; path = ConfigViewController.swift; sourceTree = "<group>"; };
		D8472F9C1823E4437C03E517 /* Pods-Emarsys Sample.release.xcconfig */ = {isa = PBXFileReference; includeInIndex = 1; lastKnownFileType = text.xcconfig; name = "Pods-Emarsys Sample.release.xcconfig"; path = "Target Support Files/Pods-Emarsys Sample/Pods-Emarsys Sample.release.xcconfig"; sourceTree = "<group>"; };
		F0CAAFA3B90F1BC3EBBCB901 /* Pods-Emarsys Sample.debug.xcconfig */ = {isa = PBXFileReference; includeInIndex = 1; lastKnownFileType = text.xcconfig; name = "Pods-Emarsys Sample.debug.xcconfig"; path = "Target Support Files/Pods-Emarsys Sample/Pods-Emarsys Sample.debug.xcconfig"; sourceTree = "<group>"; };
/* End PBXFileReference section */

/* Begin PBXFrameworksBuildPhase section */
		8A1086A02111D88800792D40 /* Frameworks */ = {
			isa = PBXFrameworksBuildPhase;
			buildActionMask = 2147483647;
			files = (
				BD6B6375B0CEED26B6B3CD5E /* Pods_Emarsys_Sample.framework in Frameworks */,
			);
			runOnlyForDeploymentPostprocessing = 0;
		};
		8A1086B42111D88900792D40 /* Frameworks */ = {
			isa = PBXFrameworksBuildPhase;
			buildActionMask = 2147483647;
			files = (
			);
			runOnlyForDeploymentPostprocessing = 0;
		};
		8A49EF5E211AD61A00D08990 /* Frameworks */ = {
			isa = PBXFrameworksBuildPhase;
			buildActionMask = 2147483647;
			files = (
				A5EA7C6E78E2D01337869D2A /* Pods_EMSNotificationService.framework in Frameworks */,
			);
			runOnlyForDeploymentPostprocessing = 0;
		};
/* End PBXFrameworksBuildPhase section */

/* Begin PBXGroup section */
		8A10869A2111D88800792D40 = {
			isa = PBXGroup;
			children = (
				8A1086A52111D88800792D40 /* Emarsys Sample */,
				8A1086BA2111D88900792D40 /* Emarsys SampleUITests */,
				8A49EF62211AD61A00D08990 /* EMSNotificationService */,
				8A1086A42111D88800792D40 /* Products */,
				32C6FB631CFCA67B45F2B45E /* Podfile */,
				F4706341651620DCDF8527D8 /* Pods */,
				CCE1F82C32DDD76C53BA783E /* Frameworks */,
			);
			sourceTree = "<group>";
		};
		8A1086A42111D88800792D40 /* Products */ = {
			isa = PBXGroup;
			children = (
				8A1086A32111D88800792D40 /* Emarsys Sample.app */,
				8A1086B72111D88900792D40 /* Emarsys SampleUITests.xctest */,
				8A49EF61211AD61A00D08990 /* EMSNotificationService.appex */,
			);
			name = Products;
			sourceTree = "<group>";
		};
		8A1086A52111D88800792D40 /* Emarsys Sample */ = {
			isa = PBXGroup;
			children = (
				8AE30E8F2179CA3A008C2490 /* Emarsys Sample.entitlements */,
				8A49EF4A211AD57D00D08990 /* UI */,
				8A49EF47211AD57C00D08990 /* NotificationNames.swift */,
				8A1086A62111D88800792D40 /* AppDelegate.swift */,
				8A1086B22111D88900792D40 /* Info.plist */,
			);
			path = "Emarsys Sample";
			sourceTree = "<group>";
		};
		8A1086BA2111D88900792D40 /* Emarsys SampleUITests */ = {
			isa = PBXGroup;
			children = (
				8A49EF5B211AD59400D08990 /* MobileEngageSampleAppUITests.swift */,
				8A1086BD2111D88900792D40 /* Info.plist */,
			);
			path = "Emarsys SampleUITests";
			sourceTree = "<group>";
		};
		8A45E0BC231808450078B270 /* Cells */ = {
			isa = PBXGroup;
			children = (
				8A45E0BD2318085D0078B270 /* ProductCell.swift */,
			);
			path = Cells;
			sourceTree = "<group>";
		};
		8A49EF4A211AD57D00D08990 /* UI */ = {
			isa = PBXGroup;
			children = (
				8A45E0BC231808450078B270 /* Cells */,
				8A49EF4B211AD57D00D08990 /* LaunchScreen.storyboard */,
				8A49EF4C211AD57D00D08990 /* Assets.xcassets */,
				8A49EF4D211AD57D00D08990 /* MESInboxViewController.swift */,
				8A49EF4E211AD57D00D08990 /* Main.storyboard */,
				8A49EF4F211AD57D00D08990 /* ViewControllerKeyboardHandling.swift */,
				8A49EF50211AD57D00D08990 /* MESMobileEngageViewController.swift */,
				8A467EF52183307E00CEA87C /* PredictViewController.swift */,
				8AFDEA1F23438B3800F7F364 /* ConfigViewController.swift */,
				8A09783A2344B99A005BDD07 /* KeyboardDismisser.swift */,
			);
			path = UI;
			sourceTree = "<group>";
		};
		8A49EF62211AD61A00D08990 /* EMSNotificationService */ = {
			isa = PBXGroup;
			children = (
				8A49EF63211AD61A00D08990 /* NotificationService.swift */,
				8A49EF65211AD61A00D08990 /* Info.plist */,
			);
			path = EMSNotificationService;
			sourceTree = "<group>";
		};
		CCE1F82C32DDD76C53BA783E /* Frameworks */ = {
			isa = PBXGroup;
			children = (
				656090FC64A67FDB04981CF3 /* Pods_EMSNotificationService.framework */,
				09D704798D6F4E06C02B0699 /* Pods_Emarsys_Sample.framework */,
			);
			name = Frameworks;
			sourceTree = "<group>";
		};
		F4706341651620DCDF8527D8 /* Pods */ = {
			isa = PBXGroup;
			children = (
				7266DF8ED96DE99A3DBF7D58 /* Pods-EMSNotificationService.debug.xcconfig */,
				7D2A8508CB307BC8792CB119 /* Pods-EMSNotificationService.release.xcconfig */,
				F0CAAFA3B90F1BC3EBBCB901 /* Pods-Emarsys Sample.debug.xcconfig */,
				D8472F9C1823E4437C03E517 /* Pods-Emarsys Sample.release.xcconfig */,
			);
			path = Pods;
			sourceTree = "<group>";
		};
/* End PBXGroup section */

/* Begin PBXNativeTarget section */
		8A1086A22111D88800792D40 /* Emarsys Sample */ = {
			isa = PBXNativeTarget;
			buildConfigurationList = 8A1086C02111D88900792D40 /* Build configuration list for PBXNativeTarget "Emarsys Sample" */;
			buildPhases = (
				0013CB3BFB805E22A99FDEFC /* [CP] Check Pods Manifest.lock */,
				8A10869F2111D88800792D40 /* Sources */,
				8A1086A02111D88800792D40 /* Frameworks */,
				8A1086A12111D88800792D40 /* Resources */,
				8AF0506B23E43BF200D20DA9 /* Embed App Extensions */,
				F4ED6E4903AC3A9DCF92843B /* [CP] Embed Pods Frameworks */,
			);
			buildRules = (
			);
			dependencies = (
				8AF0506A23E43BF100D20DA9 /* PBXTargetDependency */,
			);
			name = "Emarsys Sample";
			productName = "Emarsys Sample";
			productReference = 8A1086A32111D88800792D40 /* Emarsys Sample.app */;
			productType = "com.apple.product-type.application";
		};
		8A1086B62111D88900792D40 /* Emarsys SampleUITests */ = {
			isa = PBXNativeTarget;
			buildConfigurationList = 8A1086C32111D88900792D40 /* Build configuration list for PBXNativeTarget "Emarsys SampleUITests" */;
			buildPhases = (
				8A1086B32111D88900792D40 /* Sources */,
				8A1086B42111D88900792D40 /* Frameworks */,
				8A1086B52111D88900792D40 /* Resources */,
			);
			buildRules = (
			);
			dependencies = (
				8A1086B92111D88900792D40 /* PBXTargetDependency */,
			);
			name = "Emarsys SampleUITests";
			productName = "Emarsys SampleUITests";
			productReference = 8A1086B72111D88900792D40 /* Emarsys SampleUITests.xctest */;
			productType = "com.apple.product-type.bundle.ui-testing";
		};
		8A49EF60211AD61A00D08990 /* EMSNotificationService */ = {
			isa = PBXNativeTarget;
			buildConfigurationList = 8A49EF69211AD61A00D08990 /* Build configuration list for PBXNativeTarget "EMSNotificationService" */;
			buildPhases = (
				D027DFD9D0D6E41268604CEB /* [CP] Check Pods Manifest.lock */,
				8A49EF5D211AD61A00D08990 /* Sources */,
				8A49EF5E211AD61A00D08990 /* Frameworks */,
				8A49EF5F211AD61A00D08990 /* Resources */,
			);
			buildRules = (
			);
			dependencies = (
			);
			name = EMSNotificationService;
			productName = EMSNotificationService;
			productReference = 8A49EF61211AD61A00D08990 /* EMSNotificationService.appex */;
			productType = "com.apple.product-type.app-extension";
		};
/* End PBXNativeTarget section */

/* Begin PBXProject section */
		8A10869B2111D88800792D40 /* Project object */ = {
			isa = PBXProject;
			attributes = {
				LastSwiftUpdateCheck = 0940;
				LastUpgradeCheck = 0940;
				ORGANIZATIONNAME = Emarsys;
				TargetAttributes = {
					8A1086A22111D88800792D40 = {
						CreatedOnToolsVersion = 9.4.1;
						LastSwiftMigration = 1130;
						SystemCapabilities = {
							com.apple.BackgroundModes = {
								enabled = 1;
							};
							com.apple.Push = {
								enabled = 1;
							};
							com.apple.SafariKeychain = {
								enabled = 1;
							};
						};
					};
					8A1086B62111D88900792D40 = {
						CreatedOnToolsVersion = 9.4.1;
						TestTargetID = 8A1086A22111D88800792D40;
					};
					8A49EF60211AD61A00D08990 = {
						CreatedOnToolsVersion = 9.4.1;
						LastSwiftMigration = 1130;
					};
				};
			};
			buildConfigurationList = 8A10869E2111D88800792D40 /* Build configuration list for PBXProject "Emarsys Sample" */;
			compatibilityVersion = "Xcode 9.3";
			developmentRegion = en;
			hasScannedForEncodings = 0;
			knownRegions = (
				en,
				Base,
			);
			mainGroup = 8A10869A2111D88800792D40;
			productRefGroup = 8A1086A42111D88800792D40 /* Products */;
			projectDirPath = "";
			projectRoot = "";
			targets = (
				8A1086A22111D88800792D40 /* Emarsys Sample */,
				8A1086B62111D88900792D40 /* Emarsys SampleUITests */,
				8A49EF60211AD61A00D08990 /* EMSNotificationService */,
			);
		};
/* End PBXProject section */

/* Begin PBXResourcesBuildPhase section */
		8A1086A12111D88800792D40 /* Resources */ = {
			isa = PBXResourcesBuildPhase;
			buildActionMask = 2147483647;
			files = (
				8A49EF55211AD57D00D08990 /* LaunchScreen.storyboard in Resources */,
				8A49EF58211AD57D00D08990 /* Main.storyboard in Resources */,
				8A49EF56211AD57D00D08990 /* Assets.xcassets in Resources */,
			);
			runOnlyForDeploymentPostprocessing = 0;
		};
		8A1086B52111D88900792D40 /* Resources */ = {
			isa = PBXResourcesBuildPhase;
			buildActionMask = 2147483647;
			files = (
			);
			runOnlyForDeploymentPostprocessing = 0;
		};
		8A49EF5F211AD61A00D08990 /* Resources */ = {
			isa = PBXResourcesBuildPhase;
			buildActionMask = 2147483647;
			files = (
			);
			runOnlyForDeploymentPostprocessing = 0;
		};
/* End PBXResourcesBuildPhase section */

/* Begin PBXShellScriptBuildPhase section */
		0013CB3BFB805E22A99FDEFC /* [CP] Check Pods Manifest.lock */ = {
			isa = PBXShellScriptBuildPhase;
			buildActionMask = 2147483647;
			files = (
			);
			inputFileListPaths = (
			);
			inputPaths = (
				"${PODS_PODFILE_DIR_PATH}/Podfile.lock",
				"${PODS_ROOT}/Manifest.lock",
			);
			name = "[CP] Check Pods Manifest.lock";
			outputFileListPaths = (
			);
			outputPaths = (
				"$(DERIVED_FILE_DIR)/Pods-Emarsys Sample-checkManifestLockResult.txt",
			);
			runOnlyForDeploymentPostprocessing = 0;
			shellPath = /bin/sh;
			shellScript = "diff \"${PODS_PODFILE_DIR_PATH}/Podfile.lock\" \"${PODS_ROOT}/Manifest.lock\" > /dev/null\nif [ $? != 0 ] ; then\n    # print error to STDERR\n    echo \"error: The sandbox is not in sync with the Podfile.lock. Run 'pod install' or update your CocoaPods installation.\" >&2\n    exit 1\nfi\n# This output is used by Xcode 'outputs' to avoid re-running this script phase.\necho \"SUCCESS\" > \"${SCRIPT_OUTPUT_FILE_0}\"\n";
			showEnvVarsInLog = 0;
		};
		D027DFD9D0D6E41268604CEB /* [CP] Check Pods Manifest.lock */ = {
			isa = PBXShellScriptBuildPhase;
			buildActionMask = 2147483647;
			files = (
			);
			inputFileListPaths = (
			);
			inputPaths = (
				"${PODS_PODFILE_DIR_PATH}/Podfile.lock",
				"${PODS_ROOT}/Manifest.lock",
			);
			name = "[CP] Check Pods Manifest.lock";
			outputFileListPaths = (
			);
			outputPaths = (
				"$(DERIVED_FILE_DIR)/Pods-EMSNotificationService-checkManifestLockResult.txt",
			);
			runOnlyForDeploymentPostprocessing = 0;
			shellPath = /bin/sh;
			shellScript = "diff \"${PODS_PODFILE_DIR_PATH}/Podfile.lock\" \"${PODS_ROOT}/Manifest.lock\" > /dev/null\nif [ $? != 0 ] ; then\n    # print error to STDERR\n    echo \"error: The sandbox is not in sync with the Podfile.lock. Run 'pod install' or update your CocoaPods installation.\" >&2\n    exit 1\nfi\n# This output is used by Xcode 'outputs' to avoid re-running this script phase.\necho \"SUCCESS\" > \"${SCRIPT_OUTPUT_FILE_0}\"\n";
			showEnvVarsInLog = 0;
		};
		F4ED6E4903AC3A9DCF92843B /* [CP] Embed Pods Frameworks */ = {
			isa = PBXShellScriptBuildPhase;
			buildActionMask = 2147483647;
			files = (
			);
			inputFileListPaths = (
				"${PODS_ROOT}/Target Support Files/Pods-Emarsys Sample/Pods-Emarsys Sample-frameworks-${CONFIGURATION}-input-files.xcfilelist",
			);
			name = "[CP] Embed Pods Frameworks";
			outputFileListPaths = (
				"${PODS_ROOT}/Target Support Files/Pods-Emarsys Sample/Pods-Emarsys Sample-frameworks-${CONFIGURATION}-output-files.xcfilelist",
			);
			runOnlyForDeploymentPostprocessing = 0;
			shellPath = /bin/sh;
			shellScript = "\"${PODS_ROOT}/Target Support Files/Pods-Emarsys Sample/Pods-Emarsys Sample-frameworks.sh\"\n";
			showEnvVarsInLog = 0;
		};
/* End PBXShellScriptBuildPhase section */

/* Begin PBXSourcesBuildPhase section */
		8A10869F2111D88800792D40 /* Sources */ = {
			isa = PBXSourcesBuildPhase;
			buildActionMask = 2147483647;
			files = (
				8A467EF62183307E00CEA87C /* PredictViewController.swift in Sources */,
				8A49EF5A211AD57D00D08990 /* MESMobileEngageViewController.swift in Sources */,
				8AFDEA2023438B3800F7F364 /* ConfigViewController.swift in Sources */,
				8A49EF53211AD57D00D08990 /* NotificationNames.swift in Sources */,
				8A1086A72111D88800792D40 /* AppDelegate.swift in Sources */,
				8A09783B2344B99A005BDD07 /* KeyboardDismisser.swift in Sources */,
				8A49EF59211AD57D00D08990 /* ViewControllerKeyboardHandling.swift in Sources */,
				8A45E0BE2318085D0078B270 /* ProductCell.swift in Sources */,
				8A49EF57211AD57D00D08990 /* MESInboxViewController.swift in Sources */,
			);
			runOnlyForDeploymentPostprocessing = 0;
		};
		8A1086B32111D88900792D40 /* Sources */ = {
			isa = PBXSourcesBuildPhase;
			buildActionMask = 2147483647;
			files = (
				8A49EF5C211AD59400D08990 /* MobileEngageSampleAppUITests.swift in Sources */,
			);
			runOnlyForDeploymentPostprocessing = 0;
		};
		8A49EF5D211AD61A00D08990 /* Sources */ = {
			isa = PBXSourcesBuildPhase;
			buildActionMask = 2147483647;
			files = (
				8A49EF64211AD61A00D08990 /* NotificationService.swift in Sources */,
			);
			runOnlyForDeploymentPostprocessing = 0;
		};
/* End PBXSourcesBuildPhase section */

/* Begin PBXTargetDependency section */
		8A1086B92111D88900792D40 /* PBXTargetDependency */ = {
			isa = PBXTargetDependency;
			target = 8A1086A22111D88800792D40 /* Emarsys Sample */;
			targetProxy = 8A1086B82111D88900792D40 /* PBXContainerItemProxy */;
		};
		8AF0506A23E43BF100D20DA9 /* PBXTargetDependency */ = {
			isa = PBXTargetDependency;
			target = 8A49EF60211AD61A00D08990 /* EMSNotificationService */;
			targetProxy = 8AF0506923E43BF100D20DA9 /* PBXContainerItemProxy */;
		};
/* End PBXTargetDependency section */

/* Begin XCBuildConfiguration section */
		8A1086BE2111D88900792D40 /* Debug */ = {
			isa = XCBuildConfiguration;
			buildSettings = {
				ALWAYS_SEARCH_USER_PATHS = NO;
				CLANG_ANALYZER_NONNULL = YES;
				CLANG_ANALYZER_NUMBER_OBJECT_CONVERSION = YES_AGGRESSIVE;
				CLANG_CXX_LANGUAGE_STANDARD = "gnu++14";
				CLANG_CXX_LIBRARY = "libc++";
				CLANG_ENABLE_MODULES = YES;
				CLANG_ENABLE_OBJC_ARC = YES;
				CLANG_ENABLE_OBJC_WEAK = YES;
				CLANG_WARN_BLOCK_CAPTURE_AUTORELEASING = YES;
				CLANG_WARN_BOOL_CONVERSION = YES;
				CLANG_WARN_COMMA = YES;
				CLANG_WARN_CONSTANT_CONVERSION = YES;
				CLANG_WARN_DEPRECATED_OBJC_IMPLEMENTATIONS = YES;
				CLANG_WARN_DIRECT_OBJC_ISA_USAGE = YES_ERROR;
				CLANG_WARN_DOCUMENTATION_COMMENTS = YES;
				CLANG_WARN_EMPTY_BODY = YES;
				CLANG_WARN_ENUM_CONVERSION = YES;
				CLANG_WARN_INFINITE_RECURSION = YES;
				CLANG_WARN_INT_CONVERSION = YES;
				CLANG_WARN_NON_LITERAL_NULL_CONVERSION = YES;
				CLANG_WARN_OBJC_IMPLICIT_RETAIN_SELF = YES;
				CLANG_WARN_OBJC_LITERAL_CONVERSION = YES;
				CLANG_WARN_OBJC_ROOT_CLASS = YES_ERROR;
				CLANG_WARN_RANGE_LOOP_ANALYSIS = YES;
				CLANG_WARN_STRICT_PROTOTYPES = YES;
				CLANG_WARN_SUSPICIOUS_MOVE = YES;
				CLANG_WARN_UNGUARDED_AVAILABILITY = YES_AGGRESSIVE;
				CLANG_WARN_UNREACHABLE_CODE = YES;
				CLANG_WARN__DUPLICATE_METHOD_MATCH = YES;
				CODE_SIGN_IDENTITY = "iPhone Developer";
				COPY_PHASE_STRIP = NO;
				DEBUG_INFORMATION_FORMAT = dwarf;
				ENABLE_BITCODE = NO;
				ENABLE_STRICT_OBJC_MSGSEND = YES;
				ENABLE_TESTABILITY = YES;
				GCC_C_LANGUAGE_STANDARD = gnu11;
				GCC_DYNAMIC_NO_PIC = NO;
				GCC_NO_COMMON_BLOCKS = YES;
				GCC_OPTIMIZATION_LEVEL = 0;
				GCC_PREPROCESSOR_DEFINITIONS = (
					"DEBUG=1",
					"$(inherited)",
				);
				GCC_WARN_64_TO_32_BIT_CONVERSION = YES;
				GCC_WARN_ABOUT_RETURN_TYPE = YES_ERROR;
				GCC_WARN_UNDECLARED_SELECTOR = YES;
				GCC_WARN_UNINITIALIZED_AUTOS = YES_AGGRESSIVE;
				GCC_WARN_UNUSED_FUNCTION = YES;
				GCC_WARN_UNUSED_VARIABLE = YES;
				IPHONEOS_DEPLOYMENT_TARGET = 11.4;
				MTL_ENABLE_DEBUG_INFO = YES;
				ONLY_ACTIVE_ARCH = YES;
				SDKROOT = iphoneos;
				SWIFT_ACTIVE_COMPILATION_CONDITIONS = DEBUG;
				SWIFT_OPTIMIZATION_LEVEL = "-Onone";
				VALID_ARCHS = "arm64 arm64e";
			};
			name = Debug;
		};
		8A1086BF2111D88900792D40 /* Release */ = {
			isa = XCBuildConfiguration;
			buildSettings = {
				ALWAYS_SEARCH_USER_PATHS = NO;
				CLANG_ANALYZER_NONNULL = YES;
				CLANG_ANALYZER_NUMBER_OBJECT_CONVERSION = YES_AGGRESSIVE;
				CLANG_CXX_LANGUAGE_STANDARD = "gnu++14";
				CLANG_CXX_LIBRARY = "libc++";
				CLANG_ENABLE_MODULES = YES;
				CLANG_ENABLE_OBJC_ARC = YES;
				CLANG_ENABLE_OBJC_WEAK = YES;
				CLANG_WARN_BLOCK_CAPTURE_AUTORELEASING = YES;
				CLANG_WARN_BOOL_CONVERSION = YES;
				CLANG_WARN_COMMA = YES;
				CLANG_WARN_CONSTANT_CONVERSION = YES;
				CLANG_WARN_DEPRECATED_OBJC_IMPLEMENTATIONS = YES;
				CLANG_WARN_DIRECT_OBJC_ISA_USAGE = YES_ERROR;
				CLANG_WARN_DOCUMENTATION_COMMENTS = YES;
				CLANG_WARN_EMPTY_BODY = YES;
				CLANG_WARN_ENUM_CONVERSION = YES;
				CLANG_WARN_INFINITE_RECURSION = YES;
				CLANG_WARN_INT_CONVERSION = YES;
				CLANG_WARN_NON_LITERAL_NULL_CONVERSION = YES;
				CLANG_WARN_OBJC_IMPLICIT_RETAIN_SELF = YES;
				CLANG_WARN_OBJC_LITERAL_CONVERSION = YES;
				CLANG_WARN_OBJC_ROOT_CLASS = YES_ERROR;
				CLANG_WARN_RANGE_LOOP_ANALYSIS = YES;
				CLANG_WARN_STRICT_PROTOTYPES = YES;
				CLANG_WARN_SUSPICIOUS_MOVE = YES;
				CLANG_WARN_UNGUARDED_AVAILABILITY = YES_AGGRESSIVE;
				CLANG_WARN_UNREACHABLE_CODE = YES;
				CLANG_WARN__DUPLICATE_METHOD_MATCH = YES;
				CODE_SIGN_IDENTITY = "iPhone Developer";
				COPY_PHASE_STRIP = NO;
				DEBUG_INFORMATION_FORMAT = "dwarf-with-dsym";
				ENABLE_BITCODE = NO;
				ENABLE_NS_ASSERTIONS = NO;
				ENABLE_STRICT_OBJC_MSGSEND = YES;
				GCC_C_LANGUAGE_STANDARD = gnu11;
				GCC_NO_COMMON_BLOCKS = YES;
				GCC_WARN_64_TO_32_BIT_CONVERSION = YES;
				GCC_WARN_ABOUT_RETURN_TYPE = YES_ERROR;
				GCC_WARN_UNDECLARED_SELECTOR = YES;
				GCC_WARN_UNINITIALIZED_AUTOS = YES_AGGRESSIVE;
				GCC_WARN_UNUSED_FUNCTION = YES;
				GCC_WARN_UNUSED_VARIABLE = YES;
				IPHONEOS_DEPLOYMENT_TARGET = 11.4;
				MTL_ENABLE_DEBUG_INFO = NO;
				SDKROOT = iphoneos;
				SWIFT_COMPILATION_MODE = wholemodule;
				SWIFT_OPTIMIZATION_LEVEL = "-O";
				VALIDATE_PRODUCT = YES;
				VALID_ARCHS = "arm64 arm64e";
			};
			name = Release;
		};
		8A1086C12111D88900792D40 /* Debug */ = {
			isa = XCBuildConfiguration;
			baseConfigurationReference = F0CAAFA3B90F1BC3EBBCB901 /* Pods-Emarsys Sample.debug.xcconfig */;
			buildSettings = {
				ASSETCATALOG_COMPILER_APPICON_NAME = AppIcon;
				CODE_SIGN_ENTITLEMENTS = "Emarsys Sample/Emarsys Sample.entitlements";
				CODE_SIGN_STYLE = Automatic;
				DEVELOPMENT_TEAM = 7ZFXXDJH82;
				ENABLE_BITCODE = NO;
				INFOPLIST_FILE = "Emarsys Sample/Info.plist";
				IPHONEOS_DEPLOYMENT_TARGET = 11.0;
				LD_RUNPATH_SEARCH_PATHS = (
					"$(inherited)",
					"@executable_path/Frameworks",
				);
				PRODUCT_BUNDLE_IDENTIFIER = "com.emarsys.Emarsys-Sample";
				PRODUCT_NAME = "$(TARGET_NAME)";
				SWIFT_OBJC_BRIDGING_HEADER = "";
				SWIFT_VERSION = 5.0;
				TARGETED_DEVICE_FAMILY = "1,2";
			};
			name = Debug;
		};
		8A1086C22111D88900792D40 /* Release */ = {
			isa = XCBuildConfiguration;
			baseConfigurationReference = D8472F9C1823E4437C03E517 /* Pods-Emarsys Sample.release.xcconfig */;
			buildSettings = {
				ASSETCATALOG_COMPILER_APPICON_NAME = AppIcon;
				CODE_SIGN_ENTITLEMENTS = "Emarsys Sample/Emarsys Sample.entitlements";
				CODE_SIGN_STYLE = Automatic;
				DEVELOPMENT_TEAM = 7ZFXXDJH82;
				ENABLE_BITCODE = NO;
				INFOPLIST_FILE = "Emarsys Sample/Info.plist";
				IPHONEOS_DEPLOYMENT_TARGET = 11.0;
				LD_RUNPATH_SEARCH_PATHS = (
					"$(inherited)",
					"@executable_path/Frameworks",
				);
				PRODUCT_BUNDLE_IDENTIFIER = "com.emarsys.Emarsys-Sample";
				PRODUCT_NAME = "$(TARGET_NAME)";
				SWIFT_OBJC_BRIDGING_HEADER = "";
				SWIFT_VERSION = 5.0;
				TARGETED_DEVICE_FAMILY = "1,2";
			};
			name = Release;
		};
		8A1086C42111D88900792D40 /* Debug */ = {
			isa = XCBuildConfiguration;
			buildSettings = {
				ALWAYS_EMBED_SWIFT_STANDARD_LIBRARIES = YES;
				CODE_SIGN_STYLE = Automatic;
				DEVELOPMENT_TEAM = 7ZFXXDJH82;
				INFOPLIST_FILE = "Emarsys SampleUITests/Info.plist";
				LD_RUNPATH_SEARCH_PATHS = (
					"$(inherited)",
					"@executable_path/Frameworks",
					"@loader_path/Frameworks",
				);
				PRODUCT_BUNDLE_IDENTIFIER = "com.emarsys.Emarsys-SampleUITests";
				PRODUCT_NAME = "$(TARGET_NAME)";
				SWIFT_VERSION = 4.0;
				TARGETED_DEVICE_FAMILY = "1,2";
				TEST_TARGET_NAME = "Emarsys Sample";
			};
			name = Debug;
		};
		8A1086C52111D88900792D40 /* Release */ = {
			isa = XCBuildConfiguration;
			buildSettings = {
				ALWAYS_EMBED_SWIFT_STANDARD_LIBRARIES = YES;
				CODE_SIGN_STYLE = Automatic;
				DEVELOPMENT_TEAM = 7ZFXXDJH82;
				INFOPLIST_FILE = "Emarsys SampleUITests/Info.plist";
				LD_RUNPATH_SEARCH_PATHS = (
					"$(inherited)",
					"@executable_path/Frameworks",
					"@loader_path/Frameworks",
				);
				PRODUCT_BUNDLE_IDENTIFIER = "com.emarsys.Emarsys-SampleUITests";
				PRODUCT_NAME = "$(TARGET_NAME)";
				SWIFT_VERSION = 4.0;
				TARGETED_DEVICE_FAMILY = "1,2";
				TEST_TARGET_NAME = "Emarsys Sample";
			};
			name = Release;
		};
		8A49EF6A211AD61A00D08990 /* Debug */ = {
			isa = XCBuildConfiguration;
			baseConfigurationReference = 7266DF8ED96DE99A3DBF7D58 /* Pods-EMSNotificationService.debug.xcconfig */;
			buildSettings = {
				CODE_SIGN_STYLE = Automatic;
				DEVELOPMENT_TEAM = 7ZFXXDJH82;
				ENABLE_BITCODE = NO;
				INFOPLIST_FILE = EMSNotificationService/Info.plist;
				IPHONEOS_DEPLOYMENT_TARGET = 11.0;
				LD_RUNPATH_SEARCH_PATHS = (
					"$(inherited)",
					"@executable_path/Frameworks",
					"@executable_path/../../Frameworks",
				);
				PRODUCT_BUNDLE_IDENTIFIER = "com.emarsys.Emarsys-Sample.EMSNotificationService";
				PRODUCT_NAME = "$(TARGET_NAME)";
				SKIP_INSTALL = YES;
				SWIFT_OBJC_BRIDGING_HEADER = "";
				SWIFT_VERSION = 5.0;
				TARGETED_DEVICE_FAMILY = "1,2";
			};
			name = Debug;
		};
		8A49EF6B211AD61A00D08990 /* Release */ = {
			isa = XCBuildConfiguration;
			baseConfigurationReference = 7D2A8508CB307BC8792CB119 /* Pods-EMSNotificationService.release.xcconfig */;
			buildSettings = {
				CODE_SIGN_STYLE = Automatic;
				DEVELOPMENT_TEAM = 7ZFXXDJH82;
				ENABLE_BITCODE = NO;
				INFOPLIST_FILE = EMSNotificationService/Info.plist;
				IPHONEOS_DEPLOYMENT_TARGET = 11.0;
				LD_RUNPATH_SEARCH_PATHS = (
					"$(inherited)",
					"@executable_path/Frameworks",
					"@executable_path/../../Frameworks",
				);
				PRODUCT_BUNDLE_IDENTIFIER = "com.emarsys.Emarsys-Sample.EMSNotificationService";
				PRODUCT_NAME = "$(TARGET_NAME)";
				SKIP_INSTALL = YES;
				SWIFT_OBJC_BRIDGING_HEADER = "";
				SWIFT_VERSION = 5.0;
				TARGETED_DEVICE_FAMILY = "1,2";
			};
			name = Release;
		};
/* End XCBuildConfiguration section */

/* Begin XCConfigurationList section */
		8A10869E2111D88800792D40 /* Build configuration list for PBXProject "Emarsys Sample" */ = {
			isa = XCConfigurationList;
			buildConfigurations = (
				8A1086BE2111D88900792D40 /* Debug */,
				8A1086BF2111D88900792D40 /* Release */,
			);
			defaultConfigurationIsVisible = 0;
			defaultConfigurationName = Debug;
		};
		8A1086C02111D88900792D40 /* Build configuration list for PBXNativeTarget "Emarsys Sample" */ = {
			isa = XCConfigurationList;
			buildConfigurations = (
				8A1086C12111D88900792D40 /* Debug */,
				8A1086C22111D88900792D40 /* Release */,
			);
			defaultConfigurationIsVisible = 0;
			defaultConfigurationName = Debug;
		};
		8A1086C32111D88900792D40 /* Build configuration list for PBXNativeTarget "Emarsys SampleUITests" */ = {
			isa = XCConfigurationList;
			buildConfigurations = (
				8A1086C42111D88900792D40 /* Debug */,
				8A1086C52111D88900792D40 /* Release */,
			);
			defaultConfigurationIsVisible = 0;
			defaultConfigurationName = Debug;
		};
		8A49EF69211AD61A00D08990 /* Build configuration list for PBXNativeTarget "EMSNotificationService" */ = {
			isa = XCConfigurationList;
			buildConfigurations = (
				8A49EF6A211AD61A00D08990 /* Debug */,
				8A49EF6B211AD61A00D08990 /* Release */,
			);
			defaultConfigurationIsVisible = 0;
			defaultConfigurationName = Debug;
		};
/* End XCConfigurationList section */
	};
	rootObject = 8A10869B2111D88800792D40 /* Project object */;
}
